### YamlMime:ManagedReference
items:
- uid: Microsoft.VisualBasic.Devices.Clock
  commentId: T:Microsoft.VisualBasic.Devices.Clock
  id: Clock
  children:
  - Microsoft.VisualBasic.Devices.Clock.#ctor
  - Microsoft.VisualBasic.Devices.Clock.GmtTime
  - Microsoft.VisualBasic.Devices.Clock.LocalTime
  - Microsoft.VisualBasic.Devices.Clock.TickCount
  langs:
  - csharp
  name: Clock
  nameWithType: Clock
  fullName: Microsoft.VisualBasic.Devices.Clock
  type: Class
  assemblies:
  - Microsoft.VisualBasic
  namespace: Microsoft.VisualBasic.Devices
  summary: Provides properties for accessing the current local time and Universal Coordinated Time (equivalent to Greenwich Mean Time) from the system clock.
  remarks: The `My.Computer.Clock` object provides properties to find the current local time for the computer and the UTC time. It also exposes the millisecond count from the computer's system timer.
  example:
  - "This example uses the `My.Computer.Clock.LocalTime` property to display the local time of the computer on which the code runs.  \n  \n [!code-vb[VbVbalrMyComputer#21](~/samples/snippets/visualbasic/VS_Snippets_VBCSharp/VbVbalrMyComputer/VB/Class1.vb#21)]"
  syntax:
    content: public class Clock
  inheritance:
  - System.Object
  implements: []
  inheritedMembers:
  - System.Object.Equals(System.Object)
  - System.Object.Equals(System.Object,System.Object)
  - System.Object.GetHashCode
  - System.Object.GetType
  - System.Object.MemberwiseClone
  - System.Object.ReferenceEquals(System.Object,System.Object)
  - System.Object.ToString
  version:
  - netframework-4.5.1
  - netframework-4.5.2
  - netframework-4.5
  - netframework-4.6.1
  - netframework-4.6.2
  - netframework-4.6
  - netframework-4.7
  monikers:
  - netframework-4.5.1
  - netframework-4.5.2
  - netframework-4.5
  - netframework-4.6.1
  - netframework-4.6.2
  - netframework-4.6
  - netframework-4.7
  content_git_url: https://github.com/dotnet/docs/blob/master/xml/Microsoft.VisualBasic.Devices/Clock.xml
  author: stevehoag
  ms.author: shoag
  manager: wpickett
- uid: Microsoft.VisualBasic.Devices.Clock.#ctor
  commentId: M:Microsoft.VisualBasic.Devices.Clock.#ctor
  id: '#ctor'
  parent: Microsoft.VisualBasic.Devices.Clock
  langs:
  - csharp
  name: Clock()
  nameWithType: Clock.Clock()
  fullName: Clock.Clock()
  type: Constructor
  assemblies:
  - Microsoft.VisualBasic
  namespace: Microsoft.VisualBasic.Devices
  summary: Initializes a new instance of the <xref href="Microsoft.VisualBasic.Devices.Clock"></xref> class.
  syntax:
    content: public Clock ();
    parameters: []
  overload: Microsoft.VisualBasic.Devices.Clock.#ctor*
  exceptions: []
  version:
  - netframework-4.5.1
  - netframework-4.5.2
  - netframework-4.5
  - netframework-4.6.1
  - netframework-4.6.2
  - netframework-4.6
  - netframework-4.7
  monikers:
  - netframework-4.5.1
  - netframework-4.5.2
  - netframework-4.5
  - netframework-4.6.1
  - netframework-4.6.2
  - netframework-4.6
  - netframework-4.7
  content_git_url: https://github.com/dotnet/docs/blob/master/xml/Microsoft.VisualBasic.Devices/Clock.xml
  author: stevehoag
  ms.author: shoag
  manager: wpickett
- uid: Microsoft.VisualBasic.Devices.Clock.GmtTime
  commentId: P:Microsoft.VisualBasic.Devices.Clock.GmtTime
  id: GmtTime
  parent: Microsoft.VisualBasic.Devices.Clock
  langs:
  - csharp
  name: GmtTime
  nameWithType: Clock.GmtTime
  fullName: Clock.GmtTime
  type: Property
  assemblies:
  - Microsoft.VisualBasic
  namespace: Microsoft.VisualBasic.Devices
  summary: Gets a `Date` object that contains the current local date and time on the computer, expressed as a UTC (GMT) time.
  remarks: "The `My.Computer.Clock.GmtTime` property has the same behavior as the <xref:System.DateTime.UtcNow%2A?displayProperty=fullName> property.  \n  \n## Availability by Project Type  \n  \n|Project type|Available|  \n|-|-|  \n|Windows Application|**Yes**|  \n|Class Library|**Yes**|  \n|Console Application|**Yes**|  \n|Windows Control Library|**Yes**|  \n|Web Control Library|**Yes**|  \n|Windows Service|**Yes**|  \n|Web Site|**Yes**|"
  example:
  - "This example uses the `My.Computer.Clock.GmtTime` property to display the GMT time of the computer on which the code runs.  \n  \n [!code-vb[VbVbalrMyComputer#22](~/samples/snippets/visualbasic/VS_Snippets_VBCSharp/VbVbalrMyComputer/VB/Class1.vb#22)]"
  syntax:
    content: public DateTime GmtTime { get; }
    return:
      type: System.DateTime
      description: A `Date` object that contains the current date and time expressed as UTC (GMT) time.
  overload: Microsoft.VisualBasic.Devices.Clock.GmtTime*
  exceptions: []
  version:
  - netframework-4.5.1
  - netframework-4.5.2
  - netframework-4.5
  - netframework-4.6.1
  - netframework-4.6.2
  - netframework-4.6
  - netframework-4.7
  monikers:
  - netframework-4.5.1
  - netframework-4.5.2
  - netframework-4.5
  - netframework-4.6.1
  - netframework-4.6.2
  - netframework-4.6
  - netframework-4.7
  content_git_url: https://github.com/dotnet/docs/blob/master/xml/Microsoft.VisualBasic.Devices/Clock.xml
  author: stevehoag
  ms.author: shoag
  manager: wpickett
- uid: Microsoft.VisualBasic.Devices.Clock.LocalTime
  commentId: P:Microsoft.VisualBasic.Devices.Clock.LocalTime
  id: LocalTime
  parent: Microsoft.VisualBasic.Devices.Clock
  langs:
  - csharp
  name: LocalTime
  nameWithType: Clock.LocalTime
  fullName: Clock.LocalTime
  type: Property
  assemblies:
  - Microsoft.VisualBasic
  namespace: Microsoft.VisualBasic.Devices
  summary: Gets a `Date` object that contains the current local date and time on this computer.
  remarks: "The `My.Computer.Clock.LocalTime` property has the same behavior as the <xref:System.DateTime.Now%2A?displayProperty=fullName> property.  \n  \n## Availability by Project Type  \n  \n|Project type|Available|  \n|-|-|  \n|Windows Application|**Yes**|  \n|Class Library|**Yes**|  \n|Console Application|**Yes**|  \n|Windows Control Library|**Yes**|  \n|Web Control Library|**Yes**|  \n|Windows Service|**Yes**|  \n|Web Site|**Yes**|"
  example:
  - "This example uses the `My.Computer.Clock.LocalTime` property to display the local time of the computer on which the code runs.  \n  \n [!code-vb[VbVbalrMyComputer#21](~/samples/snippets/visualbasic/VS_Snippets_VBCSharp/VbVbalrMyComputer/VB/Class1.vb#21)]"
  syntax:
    content: public DateTime LocalTime { get; }
    return:
      type: System.DateTime
      description: A `Date` object that contains the current local date and time.
  overload: Microsoft.VisualBasic.Devices.Clock.LocalTime*
  exceptions: []
  version:
  - netframework-4.5.1
  - netframework-4.5.2
  - netframework-4.5
  - netframework-4.6.1
  - netframework-4.6.2
  - netframework-4.6
  - netframework-4.7
  monikers:
  - netframework-4.5.1
  - netframework-4.5.2
  - netframework-4.5
  - netframework-4.6.1
  - netframework-4.6.2
  - netframework-4.6
  - netframework-4.7
  content_git_url: https://github.com/dotnet/docs/blob/master/xml/Microsoft.VisualBasic.Devices/Clock.xml
  author: stevehoag
  ms.author: shoag
  manager: wpickett
- uid: Microsoft.VisualBasic.Devices.Clock.TickCount
  commentId: P:Microsoft.VisualBasic.Devices.Clock.TickCount
  id: TickCount
  parent: Microsoft.VisualBasic.Devices.Clock
  langs:
  - csharp
  name: TickCount
  nameWithType: Clock.TickCount
  fullName: Clock.TickCount
  type: Property
  assemblies:
  - Microsoft.VisualBasic
  namespace: Microsoft.VisualBasic.Devices
  summary: Gets the millisecond count from the computer's system timer.
  remarks: "The `TickCount` property provides access to the computer's system timer, which runs when the computer is active. The timer resolution is not less than 500 milliseconds.  \n  \n You can use this property to make your application's behavior dependent on the length of time it has been running, or you can use it to label events, both of which are independent of the computer's clock.  \n  \n> [!CAUTION]\n>  When the value of the `TickCount` property reaches the maximum integer value (<xref:System.Int32.MaxValue>), it then jumps to the minimum integer value (<xref:System.Int32.MinValue>), a negative number, and continues to increment.  \n  \n If the computer runs continuously, `TickCount` increments from zero to the maximum integer value in approximately 24.9 days.  \n  \n The `TickCount` property increments only when the operating system is running; it pauses when the computer goes into certain power-saving modes, such as standby or hibernation. The `TickCount` property is unrelated to the computer's clock setting.  \n  \n Use the <xref:Microsoft.VisualBasic.Devices.Clock.LocalTime%2A> property or <xref:Microsoft.VisualBasic.Devices.Clock.GmtTime%2A> property to obtain the current local date and time on this computer.  \n  \n The `My.Computer.Clock.TickCount` property has the same behavior as the <xref:System.Environment.TickCount%2A?displayProperty=fullName> property.  \n  \n## Availability by Project Type  \n  \n|Project type|Available|  \n|-|-|  \n|Windows Application|**Yes**|  \n|Class Library|**Yes**|  \n|Console Application|**Yes**|  \n|Windows Control Library|**Yes**|  \n|Web Control Library|**Yes**|  \n|Windows Service|**Yes**|  \n|Web Site|**Yes**|"
  example:
  - "The following example uses the `My.Computer.Clock.TickCount` property to run a task in a loop for a given number of seconds, even if the computer's system time changes while it runs.  \n  \n [!code-vb[VbVbalrMyComputer#20](~/samples/snippets/visualbasic/VS_Snippets_VBCSharp/VbVbalrMyComputer/VB/Class1.vb#20)]"
  syntax:
    content: public int TickCount { get; }
    return:
      type: System.Int32
      description: An `Integer` containing the millisecond count from the computer's system timer.
  overload: Microsoft.VisualBasic.Devices.Clock.TickCount*
  exceptions: []
  version:
  - netframework-4.5.1
  - netframework-4.5.2
  - netframework-4.5
  - netframework-4.6.1
  - netframework-4.6.2
  - netframework-4.6
  - netframework-4.7
  monikers:
  - netframework-4.5.1
  - netframework-4.5.2
  - netframework-4.5
  - netframework-4.6.1
  - netframework-4.6.2
  - netframework-4.6
  - netframework-4.7
  content_git_url: https://github.com/dotnet/docs/blob/master/xml/Microsoft.VisualBasic.Devices/Clock.xml
  author: stevehoag
  ms.author: shoag
  manager: wpickett
references:
- uid: System.Object
  parent: System
  isExternal: false
  name: Object
  nameWithType: Object
  fullName: System.Object
- uid: Microsoft.VisualBasic.Devices.Clock.#ctor
  parent: Microsoft.VisualBasic.Devices.Clock
  isExternal: false
  name: Clock()
  nameWithType: Clock.Clock()
  fullName: Clock.Clock()
- uid: Microsoft.VisualBasic.Devices.Clock.GmtTime
  parent: Microsoft.VisualBasic.Devices.Clock
  isExternal: false
  name: GmtTime
  nameWithType: Clock.GmtTime
  fullName: Clock.GmtTime
- uid: System.DateTime
  parent: System
  isExternal: false
  name: DateTime
  nameWithType: DateTime
  fullName: System.DateTime
- uid: Microsoft.VisualBasic.Devices.Clock.LocalTime
  parent: Microsoft.VisualBasic.Devices.Clock
  isExternal: false
  name: LocalTime
  nameWithType: Clock.LocalTime
  fullName: Clock.LocalTime
- uid: Microsoft.VisualBasic.Devices.Clock.TickCount
  parent: Microsoft.VisualBasic.Devices.Clock
  isExternal: false
  name: TickCount
  nameWithType: Clock.TickCount
  fullName: Clock.TickCount
- uid: System.Int32
  parent: System
  isExternal: false
  name: Int32
  nameWithType: Int32
  fullName: System.Int32
- uid: Microsoft.VisualBasic.Devices.Clock.#ctor*
  parent: Microsoft.VisualBasic.Devices.Clock
  isExternal: false
  name: Clock
  nameWithType: Clock.Clock
  fullName: Clock.Clock
  monikers:
  - netframework-4.5.1
  - netframework-4.5.2
  - netframework-4.5
  - netframework-4.6.1
  - netframework-4.6.2
  - netframework-4.6
  - netframework-4.7
  content_git_url: https://github.com/dotnet/docs/blob/master/xml/Microsoft.VisualBasic.Devices/Clock.xml
- uid: Microsoft.VisualBasic.Devices.Clock.GmtTime*
  parent: Microsoft.VisualBasic.Devices.Clock
  isExternal: false
  name: GmtTime
  nameWithType: Clock.GmtTime
  fullName: Clock.GmtTime
  monikers:
  - netframework-4.5.1
  - netframework-4.5.2
  - netframework-4.5
  - netframework-4.6.1
  - netframework-4.6.2
  - netframework-4.6
  - netframework-4.7
  content_git_url: https://github.com/dotnet/docs/blob/master/xml/Microsoft.VisualBasic.Devices/Clock.xml
- uid: Microsoft.VisualBasic.Devices.Clock.LocalTime*
  parent: Microsoft.VisualBasic.Devices.Clock
  isExternal: false
  name: LocalTime
  nameWithType: Clock.LocalTime
  fullName: Clock.LocalTime
  monikers:
  - netframework-4.5.1
  - netframework-4.5.2
  - netframework-4.5
  - netframework-4.6.1
  - netframework-4.6.2
  - netframework-4.6
  - netframework-4.7
  content_git_url: https://github.com/dotnet/docs/blob/master/xml/Microsoft.VisualBasic.Devices/Clock.xml
- uid: Microsoft.VisualBasic.Devices.Clock.TickCount*
  parent: Microsoft.VisualBasic.Devices.Clock
  isExternal: false
  name: TickCount
  nameWithType: Clock.TickCount
  fullName: Clock.TickCount
  monikers:
  - netframework-4.5.1
  - netframework-4.5.2
  - netframework-4.5
  - netframework-4.6.1
  - netframework-4.6.2
  - netframework-4.6
  - netframework-4.7
  content_git_url: https://github.com/dotnet/docs/blob/master/xml/Microsoft.VisualBasic.Devices/Clock.xml
- uid: System.Object.Equals(System.Object)
  parent: System.Object
  isExternal: false
  name: Equals(Object)
  nameWithType: Object.Equals(Object)
  fullName: Object.Equals(Object)
- uid: System.Object.Equals(System.Object,System.Object)
  parent: System.Object
  isExternal: false
  name: Equals(Object, Object)
  nameWithType: Object.Equals(Object, Object)
  fullName: Object.Equals(Object, Object)
- uid: System.Object.GetHashCode
  parent: System.Object
  isExternal: false
  name: GetHashCode()
  nameWithType: Object.GetHashCode()
  fullName: Object.GetHashCode()
- uid: System.Object.GetType
  parent: System.Object
  isExternal: false
  name: GetType()
  nameWithType: Object.GetType()
  fullName: Object.GetType()
- uid: System.Object.MemberwiseClone
  parent: System.Object
  isExternal: false
  name: MemberwiseClone()
  nameWithType: Object.MemberwiseClone()
  fullName: Object.MemberwiseClone()
- uid: System.Object.ReferenceEquals(System.Object,System.Object)
  parent: System.Object
  isExternal: false
  name: ReferenceEquals(Object, Object)
  nameWithType: Object.ReferenceEquals(Object, Object)
  fullName: Object.ReferenceEquals(Object, Object)
- uid: System.Object.ToString
  parent: System.Object
  isExternal: false
  name: ToString()
  nameWithType: Object.ToString()
  fullName: Object.ToString()
