### YamlMime:ManagedReference
items:
- uid: Mono.CodeGeneration.CodeBlock
  commentId: T:Mono.CodeGeneration.CodeBlock
  id: CodeBlock
  children:
  - Mono.CodeGeneration.CodeBlock.#ctor
  - Mono.CodeGeneration.CodeBlock.Add(Mono.CodeGeneration.CodeItem)
  - Mono.CodeGeneration.CodeBlock.Generate(System.Reflection.Emit.ILGenerator)
  - Mono.CodeGeneration.CodeBlock.GetLastItem
  - Mono.CodeGeneration.CodeBlock.IsEmpty
  - Mono.CodeGeneration.CodeBlock.op_Addition(Mono.CodeGeneration.CodeBlock,Mono.CodeGeneration.CodeExpression)
  - Mono.CodeGeneration.CodeBlock.PrintCode(Mono.CodeGeneration.CodeWriter)
  langs:
  - csharp
  name: CodeBlock
  nameWithType: CodeBlock
  fullName: Mono.CodeGeneration.CodeBlock
  type: Class
  assemblies:
  - System.ServiceModel
  namespace: Mono.CodeGeneration
  syntax:
    content: 'public class CodeBlock : Mono.CodeGeneration.CodeItem'
  inheritance:
  - System.Object
  - Mono.CodeGeneration.CodeItem
  implements: []
  inheritedMembers:
  - System.Object.Equals(System.Object)
  - System.Object.Equals(System.Object,System.Object)
  - System.Object.GetHashCode
  - System.Object.GetType
  - System.Object.MemberwiseClone
  - System.Object.ReferenceEquals(System.Object,System.Object)
  - System.Object.ToString
  version:
  - xamarinandroid-7.1
  - xamarinmac-3.0
  monikers:
  - xamarinandroid-7.1
  - xamarinmac-3.0
  content_git_url: https://github.com/dotnet/docs/blob/master/xml/Mono.CodeGeneration/CodeBlock.xml
- uid: Mono.CodeGeneration.CodeBlock.#ctor
  commentId: M:Mono.CodeGeneration.CodeBlock.#ctor
  id: '#ctor'
  parent: Mono.CodeGeneration.CodeBlock
  langs:
  - csharp
  name: CodeBlock()
  nameWithType: CodeBlock.CodeBlock()
  fullName: CodeBlock.CodeBlock()
  type: Constructor
  assemblies:
  - System.ServiceModel
  namespace: Mono.CodeGeneration
  syntax:
    content: public CodeBlock ();
    parameters: []
  overload: Mono.CodeGeneration.CodeBlock.#ctor*
  exceptions: []
  version:
  - xamarinandroid-7.1
  - xamarinmac-3.0
  monikers:
  - xamarinandroid-7.1
  - xamarinmac-3.0
  content_git_url: https://github.com/dotnet/docs/blob/master/xml/Mono.CodeGeneration/CodeBlock.xml
- uid: Mono.CodeGeneration.CodeBlock.Add(Mono.CodeGeneration.CodeItem)
  commentId: M:Mono.CodeGeneration.CodeBlock.Add(Mono.CodeGeneration.CodeItem)
  id: Add(Mono.CodeGeneration.CodeItem)
  parent: Mono.CodeGeneration.CodeBlock
  langs:
  - csharp
  name: Add(CodeItem)
  nameWithType: CodeBlock.Add(CodeItem)
  fullName: CodeBlock.Add(CodeItem)
  type: Method
  assemblies:
  - System.ServiceModel
  namespace: Mono.CodeGeneration
  syntax:
    content: public void Add (Mono.CodeGeneration.CodeItem code);
    parameters:
    - id: code
      type: Mono.CodeGeneration.CodeItem
      description: ''
  overload: Mono.CodeGeneration.CodeBlock.Add*
  exceptions: []
  version:
  - xamarinandroid-7.1
  - xamarinmac-3.0
  monikers:
  - xamarinandroid-7.1
  - xamarinmac-3.0
  content_git_url: https://github.com/dotnet/docs/blob/master/xml/Mono.CodeGeneration/CodeBlock.xml
- uid: Mono.CodeGeneration.CodeBlock.Generate(System.Reflection.Emit.ILGenerator)
  commentId: M:Mono.CodeGeneration.CodeBlock.Generate(System.Reflection.Emit.ILGenerator)
  id: Generate(System.Reflection.Emit.ILGenerator)
  parent: Mono.CodeGeneration.CodeBlock
  langs:
  - csharp
  name: Generate(ILGenerator)
  nameWithType: CodeBlock.Generate(ILGenerator)
  fullName: CodeBlock.Generate(ILGenerator)
  type: Method
  assemblies:
  - System.ServiceModel
  namespace: Mono.CodeGeneration
  syntax:
    content: public override void Generate (System.Reflection.Emit.ILGenerator gen);
    parameters:
    - id: gen
      type: System.Reflection.Emit.ILGenerator
      description: ''
  overload: Mono.CodeGeneration.CodeBlock.Generate*
  exceptions: []
  version:
  - xamarinandroid-7.1
  - xamarinmac-3.0
  monikers:
  - xamarinandroid-7.1
  - xamarinmac-3.0
  content_git_url: https://github.com/dotnet/docs/blob/master/xml/Mono.CodeGeneration/CodeBlock.xml
- uid: Mono.CodeGeneration.CodeBlock.GetLastItem
  commentId: M:Mono.CodeGeneration.CodeBlock.GetLastItem
  id: GetLastItem
  parent: Mono.CodeGeneration.CodeBlock
  langs:
  - csharp
  name: GetLastItem()
  nameWithType: CodeBlock.GetLastItem()
  fullName: CodeBlock.GetLastItem()
  type: Method
  assemblies:
  - System.ServiceModel
  namespace: Mono.CodeGeneration
  syntax:
    content: public Mono.CodeGeneration.CodeItem GetLastItem ();
    parameters: []
    return:
      type: Mono.CodeGeneration.CodeItem
      description: ''
  overload: Mono.CodeGeneration.CodeBlock.GetLastItem*
  exceptions: []
  version:
  - xamarinandroid-7.1
  - xamarinmac-3.0
  monikers:
  - xamarinandroid-7.1
  - xamarinmac-3.0
  content_git_url: https://github.com/dotnet/docs/blob/master/xml/Mono.CodeGeneration/CodeBlock.xml
- uid: Mono.CodeGeneration.CodeBlock.IsEmpty
  commentId: P:Mono.CodeGeneration.CodeBlock.IsEmpty
  id: IsEmpty
  parent: Mono.CodeGeneration.CodeBlock
  langs:
  - csharp
  name: IsEmpty
  nameWithType: CodeBlock.IsEmpty
  fullName: CodeBlock.IsEmpty
  type: Property
  assemblies:
  - System.ServiceModel
  namespace: Mono.CodeGeneration
  syntax:
    content: public bool IsEmpty { get; }
    return:
      type: System.Boolean
      description: ''
  overload: Mono.CodeGeneration.CodeBlock.IsEmpty*
  exceptions: []
  version:
  - xamarinandroid-7.1
  - xamarinmac-3.0
  monikers:
  - xamarinandroid-7.1
  - xamarinmac-3.0
  content_git_url: https://github.com/dotnet/docs/blob/master/xml/Mono.CodeGeneration/CodeBlock.xml
- uid: Mono.CodeGeneration.CodeBlock.op_Addition(Mono.CodeGeneration.CodeBlock,Mono.CodeGeneration.CodeExpression)
  commentId: M:Mono.CodeGeneration.CodeBlock.op_Addition(Mono.CodeGeneration.CodeBlock,Mono.CodeGeneration.CodeExpression)
  id: op_Addition(Mono.CodeGeneration.CodeBlock,Mono.CodeGeneration.CodeExpression)
  parent: Mono.CodeGeneration.CodeBlock
  langs:
  - csharp
  name: op_Addition(CodeBlock, CodeExpression)
  nameWithType: CodeBlock.op_Addition(CodeBlock, CodeExpression)
  fullName: CodeBlock.op_Addition(CodeBlock, CodeExpression)
  type: Operator
  assemblies:
  - System.ServiceModel
  namespace: Mono.CodeGeneration
  syntax:
    content: public static Mono.CodeGeneration.CodeBlock op_Addition (Mono.CodeGeneration.CodeBlock cb, Mono.CodeGeneration.CodeExpression e);
    parameters:
    - id: cb
      type: Mono.CodeGeneration.CodeBlock
      description: ''
    - id: e
      type: Mono.CodeGeneration.CodeExpression
      description: ''
    return:
      type: Mono.CodeGeneration.CodeBlock
      description: ''
  overload: Mono.CodeGeneration.CodeBlock.op_Addition*
  exceptions: []
  version:
  - xamarinandroid-7.1
  - xamarinmac-3.0
  monikers:
  - xamarinandroid-7.1
  - xamarinmac-3.0
  content_git_url: https://github.com/dotnet/docs/blob/master/xml/Mono.CodeGeneration/CodeBlock.xml
- uid: Mono.CodeGeneration.CodeBlock.PrintCode(Mono.CodeGeneration.CodeWriter)
  commentId: M:Mono.CodeGeneration.CodeBlock.PrintCode(Mono.CodeGeneration.CodeWriter)
  id: PrintCode(Mono.CodeGeneration.CodeWriter)
  parent: Mono.CodeGeneration.CodeBlock
  langs:
  - csharp
  name: PrintCode(CodeWriter)
  nameWithType: CodeBlock.PrintCode(CodeWriter)
  fullName: CodeBlock.PrintCode(CodeWriter)
  type: Method
  assemblies:
  - System.ServiceModel
  namespace: Mono.CodeGeneration
  syntax:
    content: public override void PrintCode (Mono.CodeGeneration.CodeWriter cp);
    parameters:
    - id: cp
      type: Mono.CodeGeneration.CodeWriter
      description: ''
  overload: Mono.CodeGeneration.CodeBlock.PrintCode*
  exceptions: []
  version:
  - xamarinandroid-7.1
  - xamarinmac-3.0
  monikers:
  - xamarinandroid-7.1
  - xamarinmac-3.0
  content_git_url: https://github.com/dotnet/docs/blob/master/xml/Mono.CodeGeneration/CodeBlock.xml
references:
- uid: Mono.CodeGeneration.CodeItem
  parent: Mono.CodeGeneration
  isExternal: false
  name: CodeItem
  nameWithType: CodeItem
  fullName: Mono.CodeGeneration.CodeItem
- uid: Mono.CodeGeneration.CodeBlock.#ctor
  parent: Mono.CodeGeneration.CodeBlock
  isExternal: false
  name: CodeBlock()
  nameWithType: CodeBlock.CodeBlock()
  fullName: CodeBlock.CodeBlock()
- uid: Mono.CodeGeneration.CodeBlock.Add(Mono.CodeGeneration.CodeItem)
  parent: Mono.CodeGeneration.CodeBlock
  isExternal: false
  name: Add(CodeItem)
  nameWithType: CodeBlock.Add(CodeItem)
  fullName: CodeBlock.Add(CodeItem)
- uid: Mono.CodeGeneration.CodeBlock.Generate(System.Reflection.Emit.ILGenerator)
  parent: Mono.CodeGeneration.CodeBlock
  isExternal: false
  name: Generate(ILGenerator)
  nameWithType: CodeBlock.Generate(ILGenerator)
  fullName: CodeBlock.Generate(ILGenerator)
- uid: System.Reflection.Emit.ILGenerator
  parent: System.Reflection.Emit
  isExternal: false
  name: ILGenerator
  nameWithType: ILGenerator
  fullName: System.Reflection.Emit.ILGenerator
- uid: Mono.CodeGeneration.CodeBlock.GetLastItem
  parent: Mono.CodeGeneration.CodeBlock
  isExternal: false
  name: GetLastItem()
  nameWithType: CodeBlock.GetLastItem()
  fullName: CodeBlock.GetLastItem()
- uid: Mono.CodeGeneration.CodeBlock.IsEmpty
  parent: Mono.CodeGeneration.CodeBlock
  isExternal: false
  name: IsEmpty
  nameWithType: CodeBlock.IsEmpty
  fullName: CodeBlock.IsEmpty
- uid: System.Boolean
  parent: System
  isExternal: false
  name: Boolean
  nameWithType: Boolean
  fullName: System.Boolean
- uid: Mono.CodeGeneration.CodeBlock.op_Addition(Mono.CodeGeneration.CodeBlock,Mono.CodeGeneration.CodeExpression)
  parent: Mono.CodeGeneration.CodeBlock
  isExternal: false
  name: op_Addition(CodeBlock, CodeExpression)
  nameWithType: CodeBlock.op_Addition(CodeBlock, CodeExpression)
  fullName: CodeBlock.op_Addition(CodeBlock, CodeExpression)
- uid: Mono.CodeGeneration.CodeBlock
  parent: Mono.CodeGeneration
  isExternal: false
  name: CodeBlock
  nameWithType: CodeBlock
  fullName: Mono.CodeGeneration.CodeBlock
- uid: Mono.CodeGeneration.CodeExpression
  parent: Mono.CodeGeneration
  isExternal: false
  name: CodeExpression
  nameWithType: CodeExpression
  fullName: Mono.CodeGeneration.CodeExpression
- uid: Mono.CodeGeneration.CodeBlock.PrintCode(Mono.CodeGeneration.CodeWriter)
  parent: Mono.CodeGeneration.CodeBlock
  isExternal: false
  name: PrintCode(CodeWriter)
  nameWithType: CodeBlock.PrintCode(CodeWriter)
  fullName: CodeBlock.PrintCode(CodeWriter)
- uid: Mono.CodeGeneration.CodeWriter
  parent: Mono.CodeGeneration
  isExternal: false
  name: CodeWriter
  nameWithType: CodeWriter
  fullName: Mono.CodeGeneration.CodeWriter
- uid: Mono.CodeGeneration.CodeBlock.#ctor*
  parent: Mono.CodeGeneration.CodeBlock
  isExternal: false
  name: CodeBlock
  nameWithType: CodeBlock.CodeBlock
  fullName: CodeBlock.CodeBlock
  monikers:
  - xamarinandroid-7.1
  - xamarinmac-3.0
  content_git_url: https://github.com/dotnet/docs/blob/master/xml/Mono.CodeGeneration/CodeBlock.xml
- uid: Mono.CodeGeneration.CodeBlock.Add*
  parent: Mono.CodeGeneration.CodeBlock
  isExternal: false
  name: Add
  nameWithType: CodeBlock.Add
  fullName: CodeBlock.Add
  monikers:
  - xamarinandroid-7.1
  - xamarinmac-3.0
  content_git_url: https://github.com/dotnet/docs/blob/master/xml/Mono.CodeGeneration/CodeBlock.xml
- uid: Mono.CodeGeneration.CodeBlock.Generate*
  parent: Mono.CodeGeneration.CodeBlock
  isExternal: false
  name: Generate
  nameWithType: CodeBlock.Generate
  fullName: CodeBlock.Generate
  monikers:
  - xamarinandroid-7.1
  - xamarinmac-3.0
  content_git_url: https://github.com/dotnet/docs/blob/master/xml/Mono.CodeGeneration/CodeBlock.xml
- uid: Mono.CodeGeneration.CodeBlock.GetLastItem*
  parent: Mono.CodeGeneration.CodeBlock
  isExternal: false
  name: GetLastItem
  nameWithType: CodeBlock.GetLastItem
  fullName: CodeBlock.GetLastItem
  monikers:
  - xamarinandroid-7.1
  - xamarinmac-3.0
  content_git_url: https://github.com/dotnet/docs/blob/master/xml/Mono.CodeGeneration/CodeBlock.xml
- uid: Mono.CodeGeneration.CodeBlock.IsEmpty*
  parent: Mono.CodeGeneration.CodeBlock
  isExternal: false
  name: IsEmpty
  nameWithType: CodeBlock.IsEmpty
  fullName: CodeBlock.IsEmpty
  monikers:
  - xamarinandroid-7.1
  - xamarinmac-3.0
  content_git_url: https://github.com/dotnet/docs/blob/master/xml/Mono.CodeGeneration/CodeBlock.xml
- uid: Mono.CodeGeneration.CodeBlock.op_Addition*
  parent: Mono.CodeGeneration.CodeBlock
  isExternal: false
  name: op_Addition
  nameWithType: CodeBlock.op_Addition
  fullName: CodeBlock.op_Addition
  monikers:
  - xamarinandroid-7.1
  - xamarinmac-3.0
  content_git_url: https://github.com/dotnet/docs/blob/master/xml/Mono.CodeGeneration/CodeBlock.xml
- uid: Mono.CodeGeneration.CodeBlock.PrintCode*
  parent: Mono.CodeGeneration.CodeBlock
  isExternal: false
  name: PrintCode
  nameWithType: CodeBlock.PrintCode
  fullName: CodeBlock.PrintCode
  monikers:
  - xamarinandroid-7.1
  - xamarinmac-3.0
  content_git_url: https://github.com/dotnet/docs/blob/master/xml/Mono.CodeGeneration/CodeBlock.xml
- uid: System.Object.Equals(System.Object)
  parent: System.Object
  isExternal: false
  name: Equals(Object)
  nameWithType: Object.Equals(Object)
  fullName: Object.Equals(Object)
- uid: System.Object.Equals(System.Object,System.Object)
  parent: System.Object
  isExternal: false
  name: Equals(Object, Object)
  nameWithType: Object.Equals(Object, Object)
  fullName: Object.Equals(Object, Object)
- uid: System.Object.GetHashCode
  parent: System.Object
  isExternal: false
  name: GetHashCode()
  nameWithType: Object.GetHashCode()
  fullName: Object.GetHashCode()
- uid: System.Object.GetType
  parent: System.Object
  isExternal: false
  name: GetType()
  nameWithType: Object.GetType()
  fullName: Object.GetType()
- uid: System.Object.MemberwiseClone
  parent: System.Object
  isExternal: false
  name: MemberwiseClone()
  nameWithType: Object.MemberwiseClone()
  fullName: Object.MemberwiseClone()
- uid: System.Object.ReferenceEquals(System.Object,System.Object)
  parent: System.Object
  isExternal: false
  name: ReferenceEquals(Object, Object)
  nameWithType: Object.ReferenceEquals(Object, Object)
  fullName: Object.ReferenceEquals(Object, Object)
- uid: System.Object.ToString
  parent: System.Object
  isExternal: false
  name: ToString()
  nameWithType: Object.ToString()
  fullName: Object.ToString()
