### YamlMime:ManagedReference
items:
- uid: System.Reflection.PortableExecutable.PEMemoryBlock
  commentId: T:System.Reflection.PortableExecutable.PEMemoryBlock
  id: PEMemoryBlock
  children:
  - System.Reflection.PortableExecutable.PEMemoryBlock.GetContent
  - System.Reflection.PortableExecutable.PEMemoryBlock.GetContent(System.Int32,System.Int32)
  - System.Reflection.PortableExecutable.PEMemoryBlock.GetReader
  - System.Reflection.PortableExecutable.PEMemoryBlock.GetReader(System.Int32,System.Int32)
  - System.Reflection.PortableExecutable.PEMemoryBlock.Length
  - System.Reflection.PortableExecutable.PEMemoryBlock.Pointer
  langs:
  - csharp
  name: PEMemoryBlock
  nameWithType: PEMemoryBlock
  fullName: System.Reflection.PortableExecutable.PEMemoryBlock
  type: Struct
  assemblies:
  - System.Reflection.Metadata
  namespace: System.Reflection.PortableExecutable
  syntax:
    content: public struct PEMemoryBlock
  inheritance:
  - System.Object
  - System.ValueType
  implements: []
  version:
  - netcore-1.0
  - netcore-1.1
  - netcore-2.0
  monikers:
  - netcore-1.0
  - netcore-1.1
  - netcore-2.0
  content_git_url: https://github.com/dotnet/docs/blob/master/xml/System.Reflection.PortableExecutable/PEMemoryBlock.xml
- uid: System.Reflection.PortableExecutable.PEMemoryBlock.GetContent
  commentId: M:System.Reflection.PortableExecutable.PEMemoryBlock.GetContent
  id: GetContent
  parent: System.Reflection.PortableExecutable.PEMemoryBlock
  langs:
  - csharp
  name: GetContent()
  nameWithType: PEMemoryBlock.GetContent()
  fullName: PEMemoryBlock.GetContent()
  type: Method
  assemblies:
  - System.Reflection.Metadata
  namespace: System.Reflection.PortableExecutable
  syntax:
    content: public System.Collections.Immutable.ImmutableArray<byte> GetContent ();
    parameters: []
    return:
      type: System.Collections.Immutable.ImmutableArray{System.Byte}
      description: ''
  overload: System.Reflection.PortableExecutable.PEMemoryBlock.GetContent*
  exceptions: []
  version:
  - netcore-1.0
  - netcore-1.1
  - netcore-2.0
  monikers:
  - netcore-1.0
  - netcore-1.1
  - netcore-2.0
  content_git_url: https://github.com/dotnet/docs/blob/master/xml/System.Reflection.PortableExecutable/PEMemoryBlock.xml
- uid: System.Reflection.PortableExecutable.PEMemoryBlock.GetContent(System.Int32,System.Int32)
  commentId: M:System.Reflection.PortableExecutable.PEMemoryBlock.GetContent(System.Int32,System.Int32)
  id: GetContent(System.Int32,System.Int32)
  parent: System.Reflection.PortableExecutable.PEMemoryBlock
  langs:
  - csharp
  name: GetContent(Int32, Int32)
  nameWithType: PEMemoryBlock.GetContent(Int32, Int32)
  fullName: PEMemoryBlock.GetContent(Int32, Int32)
  type: Method
  assemblies:
  - System.Reflection.Metadata
  namespace: System.Reflection.PortableExecutable
  syntax:
    content: public System.Collections.Immutable.ImmutableArray<byte> GetContent (int start, int length);
    parameters:
    - id: start
      type: System.Int32
      description: ''
    - id: length
      type: System.Int32
      description: ''
    return:
      type: System.Collections.Immutable.ImmutableArray{System.Byte}
      description: ''
  overload: System.Reflection.PortableExecutable.PEMemoryBlock.GetContent*
  exceptions: []
  version:
  - netcore-1.1
  - netcore-2.0
  monikers:
  - netcore-1.1
  - netcore-2.0
  content_git_url: https://github.com/dotnet/docs/blob/master/xml/System.Reflection.PortableExecutable/PEMemoryBlock.xml
- uid: System.Reflection.PortableExecutable.PEMemoryBlock.GetReader
  commentId: M:System.Reflection.PortableExecutable.PEMemoryBlock.GetReader
  id: GetReader
  parent: System.Reflection.PortableExecutable.PEMemoryBlock
  langs:
  - csharp
  name: GetReader()
  nameWithType: PEMemoryBlock.GetReader()
  fullName: PEMemoryBlock.GetReader()
  type: Method
  assemblies:
  - System.Reflection.Metadata
  namespace: System.Reflection.PortableExecutable
  syntax:
    content: public System.Reflection.Metadata.BlobReader GetReader ();
    parameters: []
    return:
      type: System.Reflection.Metadata.BlobReader
      description: ''
  overload: System.Reflection.PortableExecutable.PEMemoryBlock.GetReader*
  exceptions: []
  version:
  - netcore-1.1
  - netcore-2.0
  monikers:
  - netcore-1.1
  - netcore-2.0
  content_git_url: https://github.com/dotnet/docs/blob/master/xml/System.Reflection.PortableExecutable/PEMemoryBlock.xml
- uid: System.Reflection.PortableExecutable.PEMemoryBlock.GetReader(System.Int32,System.Int32)
  commentId: M:System.Reflection.PortableExecutable.PEMemoryBlock.GetReader(System.Int32,System.Int32)
  id: GetReader(System.Int32,System.Int32)
  parent: System.Reflection.PortableExecutable.PEMemoryBlock
  langs:
  - csharp
  name: GetReader(Int32, Int32)
  nameWithType: PEMemoryBlock.GetReader(Int32, Int32)
  fullName: PEMemoryBlock.GetReader(Int32, Int32)
  type: Method
  assemblies:
  - System.Reflection.Metadata
  namespace: System.Reflection.PortableExecutable
  syntax:
    content: public System.Reflection.Metadata.BlobReader GetReader (int start, int length);
    parameters:
    - id: start
      type: System.Int32
      description: ''
    - id: length
      type: System.Int32
      description: ''
    return:
      type: System.Reflection.Metadata.BlobReader
      description: ''
  overload: System.Reflection.PortableExecutable.PEMemoryBlock.GetReader*
  exceptions: []
  version:
  - netcore-1.1
  - netcore-2.0
  monikers:
  - netcore-1.1
  - netcore-2.0
  content_git_url: https://github.com/dotnet/docs/blob/master/xml/System.Reflection.PortableExecutable/PEMemoryBlock.xml
- uid: System.Reflection.PortableExecutable.PEMemoryBlock.Length
  commentId: P:System.Reflection.PortableExecutable.PEMemoryBlock.Length
  id: Length
  parent: System.Reflection.PortableExecutable.PEMemoryBlock
  langs:
  - csharp
  name: Length
  nameWithType: PEMemoryBlock.Length
  fullName: PEMemoryBlock.Length
  type: Property
  assemblies:
  - System.Reflection.Metadata
  namespace: System.Reflection.PortableExecutable
  syntax:
    content: public int Length { get; }
    return:
      type: System.Int32
      description: ''
  overload: System.Reflection.PortableExecutable.PEMemoryBlock.Length*
  exceptions: []
  version:
  - netcore-1.0
  - netcore-1.1
  - netcore-2.0
  monikers:
  - netcore-1.0
  - netcore-1.1
  - netcore-2.0
  content_git_url: https://github.com/dotnet/docs/blob/master/xml/System.Reflection.PortableExecutable/PEMemoryBlock.xml
- uid: System.Reflection.PortableExecutable.PEMemoryBlock.Pointer
  commentId: P:System.Reflection.PortableExecutable.PEMemoryBlock.Pointer
  id: Pointer
  parent: System.Reflection.PortableExecutable.PEMemoryBlock
  langs:
  - csharp
  name: Pointer
  nameWithType: PEMemoryBlock.Pointer
  fullName: PEMemoryBlock.Pointer
  type: Property
  assemblies:
  - System.Reflection.Metadata
  namespace: System.Reflection.PortableExecutable
  syntax:
    content: public byte* Pointer { get; }
    return:
      type: System.Byte*
      description: ''
  overload: System.Reflection.PortableExecutable.PEMemoryBlock.Pointer*
  exceptions: []
  version:
  - netcore-1.0
  - netcore-1.1
  - netcore-2.0
  monikers:
  - netcore-1.0
  - netcore-1.1
  - netcore-2.0
  content_git_url: https://github.com/dotnet/docs/blob/master/xml/System.Reflection.PortableExecutable/PEMemoryBlock.xml
references:
- uid: System.ValueType
  parent: System
  isExternal: false
  name: ValueType
  nameWithType: ValueType
  fullName: System.ValueType
- uid: System.Reflection.PortableExecutable.PEMemoryBlock.GetContent
  parent: System.Reflection.PortableExecutable.PEMemoryBlock
  isExternal: false
  name: GetContent()
  nameWithType: PEMemoryBlock.GetContent()
  fullName: PEMemoryBlock.GetContent()
- uid: System.Collections.Immutable.ImmutableArray`1
  name: ImmutableArray<T>
  nameWithType: ImmutableArray<T>
  fullName: System.Collections.Immutable.ImmutableArray<T>
- uid: System.Byte
  name: Byte
  nameWithType: Byte
  fullName: System.Byte
- uid: System.Collections.Immutable.ImmutableArray{System.Byte}
  parent: System.Collections.Immutable
  isExternal: false
  name: ImmutableArray<Byte>
  nameWithType: ImmutableArray<Byte>
  fullName: System.Collections.Immutable.ImmutableArray<System.Byte>
  spec.csharp:
  - uid: System.Collections.Immutable.ImmutableArray`1
    name: ImmutableArray
    nameWithType: ImmutableArray
    fullName: System.Collections.Immutable.ImmutableArray
  - name: <
    nameWithType: <
    fullName: <
  - uid: System.Byte
    name: Byte
    nameWithType: Byte
    fullName: System.Byte
  - name: '>'
    nameWithType: '>'
    fullName: '>'
- uid: System.Reflection.PortableExecutable.PEMemoryBlock.GetContent(System.Int32,System.Int32)
  parent: System.Reflection.PortableExecutable.PEMemoryBlock
  isExternal: false
  name: GetContent(Int32, Int32)
  nameWithType: PEMemoryBlock.GetContent(Int32, Int32)
  fullName: PEMemoryBlock.GetContent(Int32, Int32)
- uid: System.Int32
  parent: System
  isExternal: false
  name: Int32
  nameWithType: Int32
  fullName: System.Int32
- uid: System.Reflection.PortableExecutable.PEMemoryBlock.GetReader
  parent: System.Reflection.PortableExecutable.PEMemoryBlock
  isExternal: false
  name: GetReader()
  nameWithType: PEMemoryBlock.GetReader()
  fullName: PEMemoryBlock.GetReader()
- uid: System.Reflection.Metadata.BlobReader
  parent: System.Reflection.Metadata
  isExternal: false
  name: BlobReader
  nameWithType: BlobReader
  fullName: System.Reflection.Metadata.BlobReader
- uid: System.Reflection.PortableExecutable.PEMemoryBlock.GetReader(System.Int32,System.Int32)
  parent: System.Reflection.PortableExecutable.PEMemoryBlock
  isExternal: false
  name: GetReader(Int32, Int32)
  nameWithType: PEMemoryBlock.GetReader(Int32, Int32)
  fullName: PEMemoryBlock.GetReader(Int32, Int32)
- uid: System.Reflection.PortableExecutable.PEMemoryBlock.Length
  parent: System.Reflection.PortableExecutable.PEMemoryBlock
  isExternal: false
  name: Length
  nameWithType: PEMemoryBlock.Length
  fullName: PEMemoryBlock.Length
- uid: System.Reflection.PortableExecutable.PEMemoryBlock.Pointer
  parent: System.Reflection.PortableExecutable.PEMemoryBlock
  isExternal: false
  name: Pointer
  nameWithType: PEMemoryBlock.Pointer
  fullName: PEMemoryBlock.Pointer
- uid: System.Byte*
  parent: System
  isExternal: false
  name: Byte*
  nameWithType: Byte*
  fullName: System.Byte*
  spec.csharp:
  - uid: System.Byte
    name: Byte
    nameWithType: Byte
    fullName: System.Byte
  - name: '*'
    nameWithType: '*'
    fullName: '*'
- uid: System.Reflection.PortableExecutable.PEMemoryBlock.GetContent*
  parent: System.Reflection.PortableExecutable.PEMemoryBlock
  isExternal: false
  name: GetContent
  nameWithType: PEMemoryBlock.GetContent
  fullName: PEMemoryBlock.GetContent
  monikers:
  - netcore-1.0
  - netcore-1.1
  - netcore-2.0
  content_git_url: https://github.com/dotnet/docs/blob/master/xml/System.Reflection.PortableExecutable/PEMemoryBlock.xml
- uid: System.Reflection.PortableExecutable.PEMemoryBlock.GetReader*
  parent: System.Reflection.PortableExecutable.PEMemoryBlock
  isExternal: false
  name: GetReader
  nameWithType: PEMemoryBlock.GetReader
  fullName: PEMemoryBlock.GetReader
  monikers:
  - netcore-1.1
  - netcore-2.0
  content_git_url: https://github.com/dotnet/docs/blob/master/xml/System.Reflection.PortableExecutable/PEMemoryBlock.xml
- uid: System.Reflection.PortableExecutable.PEMemoryBlock.Length*
  parent: System.Reflection.PortableExecutable.PEMemoryBlock
  isExternal: false
  name: Length
  nameWithType: PEMemoryBlock.Length
  fullName: PEMemoryBlock.Length
  monikers:
  - netcore-1.0
  - netcore-1.1
  - netcore-2.0
  content_git_url: https://github.com/dotnet/docs/blob/master/xml/System.Reflection.PortableExecutable/PEMemoryBlock.xml
- uid: System.Reflection.PortableExecutable.PEMemoryBlock.Pointer*
  parent: System.Reflection.PortableExecutable.PEMemoryBlock
  isExternal: false
  name: Pointer
  nameWithType: PEMemoryBlock.Pointer
  fullName: PEMemoryBlock.Pointer
  monikers:
  - netcore-1.0
  - netcore-1.1
  - netcore-2.0
  content_git_url: https://github.com/dotnet/docs/blob/master/xml/System.Reflection.PortableExecutable/PEMemoryBlock.xml
