### YamlMime:ManagedReference
items:
- uid: System.Reflection.Metadata.MethodBodyBlock
  commentId: T:System.Reflection.Metadata.MethodBodyBlock
  id: MethodBodyBlock
  children:
  - System.Reflection.Metadata.MethodBodyBlock.Create(System.Reflection.Metadata.BlobReader)
  - System.Reflection.Metadata.MethodBodyBlock.ExceptionRegions
  - System.Reflection.Metadata.MethodBodyBlock.GetILBytes
  - System.Reflection.Metadata.MethodBodyBlock.GetILContent
  - System.Reflection.Metadata.MethodBodyBlock.GetILReader
  - System.Reflection.Metadata.MethodBodyBlock.LocalSignature
  - System.Reflection.Metadata.MethodBodyBlock.LocalVariablesInitialized
  - System.Reflection.Metadata.MethodBodyBlock.MaxStack
  - System.Reflection.Metadata.MethodBodyBlock.Size
  langs:
  - csharp
  name: MethodBodyBlock
  nameWithType: MethodBodyBlock
  fullName: System.Reflection.Metadata.MethodBodyBlock
  type: Class
  assemblies:
  - System.Reflection.Metadata
  namespace: System.Reflection.Metadata
  syntax:
    content: public sealed class MethodBodyBlock
  inheritance:
  - System.Object
  implements: []
  inheritedMembers:
  - System.Object.Equals(System.Object)
  - System.Object.Equals(System.Object,System.Object)
  - System.Object.GetHashCode
  - System.Object.GetType
  - System.Object.MemberwiseClone
  - System.Object.ReferenceEquals(System.Object,System.Object)
  - System.Object.ToString
  version:
  - netcore-1.0
  - netcore-1.1
  - netcore-2.0
  monikers:
  - netcore-1.0
  - netcore-1.1
  - netcore-2.0
  content_git_url: https://github.com/dotnet/docs/blob/master/xml/System.Reflection.Metadata/MethodBodyBlock.xml
- uid: System.Reflection.Metadata.MethodBodyBlock.Create(System.Reflection.Metadata.BlobReader)
  commentId: M:System.Reflection.Metadata.MethodBodyBlock.Create(System.Reflection.Metadata.BlobReader)
  id: Create(System.Reflection.Metadata.BlobReader)
  parent: System.Reflection.Metadata.MethodBodyBlock
  langs:
  - csharp
  name: Create(BlobReader)
  nameWithType: MethodBodyBlock.Create(BlobReader)
  fullName: MethodBodyBlock.Create(BlobReader)
  type: Method
  assemblies:
  - System.Reflection.Metadata
  namespace: System.Reflection.Metadata
  syntax:
    content: public static System.Reflection.Metadata.MethodBodyBlock Create (System.Reflection.Metadata.BlobReader reader);
    parameters:
    - id: reader
      type: System.Reflection.Metadata.BlobReader
      description: ''
    return:
      type: System.Reflection.Metadata.MethodBodyBlock
      description: ''
  overload: System.Reflection.Metadata.MethodBodyBlock.Create*
  exceptions: []
  version:
  - netcore-1.0
  - netcore-1.1
  - netcore-2.0
  monikers:
  - netcore-1.0
  - netcore-1.1
  - netcore-2.0
  content_git_url: https://github.com/dotnet/docs/blob/master/xml/System.Reflection.Metadata/MethodBodyBlock.xml
- uid: System.Reflection.Metadata.MethodBodyBlock.ExceptionRegions
  commentId: P:System.Reflection.Metadata.MethodBodyBlock.ExceptionRegions
  id: ExceptionRegions
  parent: System.Reflection.Metadata.MethodBodyBlock
  langs:
  - csharp
  name: ExceptionRegions
  nameWithType: MethodBodyBlock.ExceptionRegions
  fullName: MethodBodyBlock.ExceptionRegions
  type: Property
  assemblies:
  - System.Reflection.Metadata
  namespace: System.Reflection.Metadata
  syntax:
    content: public System.Collections.Immutable.ImmutableArray<System.Reflection.Metadata.ExceptionRegion> ExceptionRegions { get; }
    return:
      type: System.Collections.Immutable.ImmutableArray{System.Reflection.Metadata.ExceptionRegion}
      description: ''
  overload: System.Reflection.Metadata.MethodBodyBlock.ExceptionRegions*
  exceptions: []
  version:
  - netcore-1.0
  - netcore-1.1
  - netcore-2.0
  monikers:
  - netcore-1.0
  - netcore-1.1
  - netcore-2.0
  content_git_url: https://github.com/dotnet/docs/blob/master/xml/System.Reflection.Metadata/MethodBodyBlock.xml
- uid: System.Reflection.Metadata.MethodBodyBlock.GetILBytes
  commentId: M:System.Reflection.Metadata.MethodBodyBlock.GetILBytes
  id: GetILBytes
  parent: System.Reflection.Metadata.MethodBodyBlock
  langs:
  - csharp
  name: GetILBytes()
  nameWithType: MethodBodyBlock.GetILBytes()
  fullName: MethodBodyBlock.GetILBytes()
  type: Method
  assemblies:
  - System.Reflection.Metadata
  namespace: System.Reflection.Metadata
  syntax:
    content: public byte[] GetILBytes ();
    parameters: []
    return:
      type: System.Byte[]
      description: ''
  overload: System.Reflection.Metadata.MethodBodyBlock.GetILBytes*
  exceptions: []
  version:
  - netcore-1.0
  - netcore-1.1
  - netcore-2.0
  monikers:
  - netcore-1.0
  - netcore-1.1
  - netcore-2.0
  content_git_url: https://github.com/dotnet/docs/blob/master/xml/System.Reflection.Metadata/MethodBodyBlock.xml
- uid: System.Reflection.Metadata.MethodBodyBlock.GetILContent
  commentId: M:System.Reflection.Metadata.MethodBodyBlock.GetILContent
  id: GetILContent
  parent: System.Reflection.Metadata.MethodBodyBlock
  langs:
  - csharp
  name: GetILContent()
  nameWithType: MethodBodyBlock.GetILContent()
  fullName: MethodBodyBlock.GetILContent()
  type: Method
  assemblies:
  - System.Reflection.Metadata
  namespace: System.Reflection.Metadata
  syntax:
    content: public System.Collections.Immutable.ImmutableArray<byte> GetILContent ();
    parameters: []
    return:
      type: System.Collections.Immutable.ImmutableArray{System.Byte}
      description: ''
  overload: System.Reflection.Metadata.MethodBodyBlock.GetILContent*
  exceptions: []
  version:
  - netcore-1.0
  - netcore-1.1
  - netcore-2.0
  monikers:
  - netcore-1.0
  - netcore-1.1
  - netcore-2.0
  content_git_url: https://github.com/dotnet/docs/blob/master/xml/System.Reflection.Metadata/MethodBodyBlock.xml
- uid: System.Reflection.Metadata.MethodBodyBlock.GetILReader
  commentId: M:System.Reflection.Metadata.MethodBodyBlock.GetILReader
  id: GetILReader
  parent: System.Reflection.Metadata.MethodBodyBlock
  langs:
  - csharp
  name: GetILReader()
  nameWithType: MethodBodyBlock.GetILReader()
  fullName: MethodBodyBlock.GetILReader()
  type: Method
  assemblies:
  - System.Reflection.Metadata
  namespace: System.Reflection.Metadata
  syntax:
    content: public System.Reflection.Metadata.BlobReader GetILReader ();
    parameters: []
    return:
      type: System.Reflection.Metadata.BlobReader
      description: ''
  overload: System.Reflection.Metadata.MethodBodyBlock.GetILReader*
  exceptions: []
  version:
  - netcore-1.0
  - netcore-1.1
  - netcore-2.0
  monikers:
  - netcore-1.0
  - netcore-1.1
  - netcore-2.0
  content_git_url: https://github.com/dotnet/docs/blob/master/xml/System.Reflection.Metadata/MethodBodyBlock.xml
- uid: System.Reflection.Metadata.MethodBodyBlock.LocalSignature
  commentId: P:System.Reflection.Metadata.MethodBodyBlock.LocalSignature
  id: LocalSignature
  parent: System.Reflection.Metadata.MethodBodyBlock
  langs:
  - csharp
  name: LocalSignature
  nameWithType: MethodBodyBlock.LocalSignature
  fullName: MethodBodyBlock.LocalSignature
  type: Property
  assemblies:
  - System.Reflection.Metadata
  namespace: System.Reflection.Metadata
  syntax:
    content: public System.Reflection.Metadata.StandaloneSignatureHandle LocalSignature { get; }
    return:
      type: System.Reflection.Metadata.StandaloneSignatureHandle
      description: ''
  overload: System.Reflection.Metadata.MethodBodyBlock.LocalSignature*
  exceptions: []
  version:
  - netcore-1.0
  - netcore-1.1
  - netcore-2.0
  monikers:
  - netcore-1.0
  - netcore-1.1
  - netcore-2.0
  content_git_url: https://github.com/dotnet/docs/blob/master/xml/System.Reflection.Metadata/MethodBodyBlock.xml
- uid: System.Reflection.Metadata.MethodBodyBlock.LocalVariablesInitialized
  commentId: P:System.Reflection.Metadata.MethodBodyBlock.LocalVariablesInitialized
  id: LocalVariablesInitialized
  parent: System.Reflection.Metadata.MethodBodyBlock
  langs:
  - csharp
  name: LocalVariablesInitialized
  nameWithType: MethodBodyBlock.LocalVariablesInitialized
  fullName: MethodBodyBlock.LocalVariablesInitialized
  type: Property
  assemblies:
  - System.Reflection.Metadata
  namespace: System.Reflection.Metadata
  syntax:
    content: public bool LocalVariablesInitialized { get; }
    return:
      type: System.Boolean
      description: ''
  overload: System.Reflection.Metadata.MethodBodyBlock.LocalVariablesInitialized*
  exceptions: []
  version:
  - netcore-1.0
  - netcore-1.1
  - netcore-2.0
  monikers:
  - netcore-1.0
  - netcore-1.1
  - netcore-2.0
  content_git_url: https://github.com/dotnet/docs/blob/master/xml/System.Reflection.Metadata/MethodBodyBlock.xml
- uid: System.Reflection.Metadata.MethodBodyBlock.MaxStack
  commentId: P:System.Reflection.Metadata.MethodBodyBlock.MaxStack
  id: MaxStack
  parent: System.Reflection.Metadata.MethodBodyBlock
  langs:
  - csharp
  name: MaxStack
  nameWithType: MethodBodyBlock.MaxStack
  fullName: MethodBodyBlock.MaxStack
  type: Property
  assemblies:
  - System.Reflection.Metadata
  namespace: System.Reflection.Metadata
  syntax:
    content: public int MaxStack { get; }
    return:
      type: System.Int32
      description: ''
  overload: System.Reflection.Metadata.MethodBodyBlock.MaxStack*
  exceptions: []
  version:
  - netcore-1.0
  - netcore-1.1
  - netcore-2.0
  monikers:
  - netcore-1.0
  - netcore-1.1
  - netcore-2.0
  content_git_url: https://github.com/dotnet/docs/blob/master/xml/System.Reflection.Metadata/MethodBodyBlock.xml
- uid: System.Reflection.Metadata.MethodBodyBlock.Size
  commentId: P:System.Reflection.Metadata.MethodBodyBlock.Size
  id: Size
  parent: System.Reflection.Metadata.MethodBodyBlock
  langs:
  - csharp
  name: Size
  nameWithType: MethodBodyBlock.Size
  fullName: MethodBodyBlock.Size
  type: Property
  assemblies:
  - System.Reflection.Metadata
  namespace: System.Reflection.Metadata
  syntax:
    content: public int Size { get; }
    return:
      type: System.Int32
      description: ''
  overload: System.Reflection.Metadata.MethodBodyBlock.Size*
  exceptions: []
  version:
  - netcore-1.0
  - netcore-1.1
  - netcore-2.0
  monikers:
  - netcore-1.0
  - netcore-1.1
  - netcore-2.0
  content_git_url: https://github.com/dotnet/docs/blob/master/xml/System.Reflection.Metadata/MethodBodyBlock.xml
references:
- uid: System.Object
  parent: System
  isExternal: false
  name: Object
  nameWithType: Object
  fullName: System.Object
- uid: System.Reflection.Metadata.MethodBodyBlock.Create(System.Reflection.Metadata.BlobReader)
  parent: System.Reflection.Metadata.MethodBodyBlock
  isExternal: false
  name: Create(BlobReader)
  nameWithType: MethodBodyBlock.Create(BlobReader)
  fullName: MethodBodyBlock.Create(BlobReader)
- uid: System.Reflection.Metadata.MethodBodyBlock
  parent: System.Reflection.Metadata
  isExternal: false
  name: MethodBodyBlock
  nameWithType: MethodBodyBlock
  fullName: System.Reflection.Metadata.MethodBodyBlock
- uid: System.Reflection.Metadata.BlobReader
  parent: System.Reflection.Metadata
  isExternal: false
  name: BlobReader
  nameWithType: BlobReader
  fullName: System.Reflection.Metadata.BlobReader
- uid: System.Reflection.Metadata.MethodBodyBlock.ExceptionRegions
  parent: System.Reflection.Metadata.MethodBodyBlock
  isExternal: false
  name: ExceptionRegions
  nameWithType: MethodBodyBlock.ExceptionRegions
  fullName: MethodBodyBlock.ExceptionRegions
- uid: System.Collections.Immutable.ImmutableArray`1
  name: ImmutableArray<T>
  nameWithType: ImmutableArray<T>
  fullName: System.Collections.Immutable.ImmutableArray<T>
- uid: System.Reflection.Metadata.ExceptionRegion
  name: ExceptionRegion
  nameWithType: ExceptionRegion
  fullName: System.Reflection.Metadata.ExceptionRegion
- uid: System.Collections.Immutable.ImmutableArray{System.Reflection.Metadata.ExceptionRegion}
  parent: System.Collections.Immutable
  isExternal: false
  name: ImmutableArray<ExceptionRegion>
  nameWithType: ImmutableArray<ExceptionRegion>
  fullName: System.Collections.Immutable.ImmutableArray<System.Reflection.Metadata.ExceptionRegion>
  spec.csharp:
  - uid: System.Collections.Immutable.ImmutableArray`1
    name: ImmutableArray
    nameWithType: ImmutableArray
    fullName: System.Collections.Immutable.ImmutableArray
  - name: <
    nameWithType: <
    fullName: <
  - uid: System.Reflection.Metadata.ExceptionRegion
    name: ExceptionRegion
    nameWithType: ExceptionRegion
    fullName: System.Reflection.Metadata.ExceptionRegion
  - name: '>'
    nameWithType: '>'
    fullName: '>'
- uid: System.Reflection.Metadata.MethodBodyBlock.GetILBytes
  parent: System.Reflection.Metadata.MethodBodyBlock
  isExternal: false
  name: GetILBytes()
  nameWithType: MethodBodyBlock.GetILBytes()
  fullName: MethodBodyBlock.GetILBytes()
- uid: System.Byte
  name: Byte
  nameWithType: Byte
  fullName: System.Byte
- uid: System.Byte[]
  parent: System
  isExternal: false
  name: Byte[]
  nameWithType: Byte[]
  fullName: System.Byte[]
  spec.csharp:
  - uid: System.Byte
    name: Byte
    nameWithType: Byte
    fullName: System.Byte
  - name: '[]'
    nameWithType: '[]'
    fullName: '[]'
- uid: System.Reflection.Metadata.MethodBodyBlock.GetILContent
  parent: System.Reflection.Metadata.MethodBodyBlock
  isExternal: false
  name: GetILContent()
  nameWithType: MethodBodyBlock.GetILContent()
  fullName: MethodBodyBlock.GetILContent()
- uid: System.Collections.Immutable.ImmutableArray{System.Byte}
  parent: System.Collections.Immutable
  isExternal: false
  name: ImmutableArray<Byte>
  nameWithType: ImmutableArray<Byte>
  fullName: System.Collections.Immutable.ImmutableArray<System.Byte>
  spec.csharp:
  - uid: System.Collections.Immutable.ImmutableArray`1
    name: ImmutableArray
    nameWithType: ImmutableArray
    fullName: System.Collections.Immutable.ImmutableArray
  - name: <
    nameWithType: <
    fullName: <
  - uid: System.Byte
    name: Byte
    nameWithType: Byte
    fullName: System.Byte
  - name: '>'
    nameWithType: '>'
    fullName: '>'
- uid: System.Reflection.Metadata.MethodBodyBlock.GetILReader
  parent: System.Reflection.Metadata.MethodBodyBlock
  isExternal: false
  name: GetILReader()
  nameWithType: MethodBodyBlock.GetILReader()
  fullName: MethodBodyBlock.GetILReader()
- uid: System.Reflection.Metadata.MethodBodyBlock.LocalSignature
  parent: System.Reflection.Metadata.MethodBodyBlock
  isExternal: false
  name: LocalSignature
  nameWithType: MethodBodyBlock.LocalSignature
  fullName: MethodBodyBlock.LocalSignature
- uid: System.Reflection.Metadata.StandaloneSignatureHandle
  parent: System.Reflection.Metadata
  isExternal: false
  name: StandaloneSignatureHandle
  nameWithType: StandaloneSignatureHandle
  fullName: System.Reflection.Metadata.StandaloneSignatureHandle
- uid: System.Reflection.Metadata.MethodBodyBlock.LocalVariablesInitialized
  parent: System.Reflection.Metadata.MethodBodyBlock
  isExternal: false
  name: LocalVariablesInitialized
  nameWithType: MethodBodyBlock.LocalVariablesInitialized
  fullName: MethodBodyBlock.LocalVariablesInitialized
- uid: System.Boolean
  parent: System
  isExternal: false
  name: Boolean
  nameWithType: Boolean
  fullName: System.Boolean
- uid: System.Reflection.Metadata.MethodBodyBlock.MaxStack
  parent: System.Reflection.Metadata.MethodBodyBlock
  isExternal: false
  name: MaxStack
  nameWithType: MethodBodyBlock.MaxStack
  fullName: MethodBodyBlock.MaxStack
- uid: System.Int32
  parent: System
  isExternal: false
  name: Int32
  nameWithType: Int32
  fullName: System.Int32
- uid: System.Reflection.Metadata.MethodBodyBlock.Size
  parent: System.Reflection.Metadata.MethodBodyBlock
  isExternal: false
  name: Size
  nameWithType: MethodBodyBlock.Size
  fullName: MethodBodyBlock.Size
- uid: System.Reflection.Metadata.MethodBodyBlock.Create*
  parent: System.Reflection.Metadata.MethodBodyBlock
  isExternal: false
  name: Create
  nameWithType: MethodBodyBlock.Create
  fullName: MethodBodyBlock.Create
  monikers:
  - netcore-1.0
  - netcore-1.1
  - netcore-2.0
  content_git_url: https://github.com/dotnet/docs/blob/master/xml/System.Reflection.Metadata/MethodBodyBlock.xml
- uid: System.Reflection.Metadata.MethodBodyBlock.ExceptionRegions*
  parent: System.Reflection.Metadata.MethodBodyBlock
  isExternal: false
  name: ExceptionRegions
  nameWithType: MethodBodyBlock.ExceptionRegions
  fullName: MethodBodyBlock.ExceptionRegions
  monikers:
  - netcore-1.0
  - netcore-1.1
  - netcore-2.0
  content_git_url: https://github.com/dotnet/docs/blob/master/xml/System.Reflection.Metadata/MethodBodyBlock.xml
- uid: System.Reflection.Metadata.MethodBodyBlock.GetILBytes*
  parent: System.Reflection.Metadata.MethodBodyBlock
  isExternal: false
  name: GetILBytes
  nameWithType: MethodBodyBlock.GetILBytes
  fullName: MethodBodyBlock.GetILBytes
  monikers:
  - netcore-1.0
  - netcore-1.1
  - netcore-2.0
  content_git_url: https://github.com/dotnet/docs/blob/master/xml/System.Reflection.Metadata/MethodBodyBlock.xml
- uid: System.Reflection.Metadata.MethodBodyBlock.GetILContent*
  parent: System.Reflection.Metadata.MethodBodyBlock
  isExternal: false
  name: GetILContent
  nameWithType: MethodBodyBlock.GetILContent
  fullName: MethodBodyBlock.GetILContent
  monikers:
  - netcore-1.0
  - netcore-1.1
  - netcore-2.0
  content_git_url: https://github.com/dotnet/docs/blob/master/xml/System.Reflection.Metadata/MethodBodyBlock.xml
- uid: System.Reflection.Metadata.MethodBodyBlock.GetILReader*
  parent: System.Reflection.Metadata.MethodBodyBlock
  isExternal: false
  name: GetILReader
  nameWithType: MethodBodyBlock.GetILReader
  fullName: MethodBodyBlock.GetILReader
  monikers:
  - netcore-1.0
  - netcore-1.1
  - netcore-2.0
  content_git_url: https://github.com/dotnet/docs/blob/master/xml/System.Reflection.Metadata/MethodBodyBlock.xml
- uid: System.Reflection.Metadata.MethodBodyBlock.LocalSignature*
  parent: System.Reflection.Metadata.MethodBodyBlock
  isExternal: false
  name: LocalSignature
  nameWithType: MethodBodyBlock.LocalSignature
  fullName: MethodBodyBlock.LocalSignature
  monikers:
  - netcore-1.0
  - netcore-1.1
  - netcore-2.0
  content_git_url: https://github.com/dotnet/docs/blob/master/xml/System.Reflection.Metadata/MethodBodyBlock.xml
- uid: System.Reflection.Metadata.MethodBodyBlock.LocalVariablesInitialized*
  parent: System.Reflection.Metadata.MethodBodyBlock
  isExternal: false
  name: LocalVariablesInitialized
  nameWithType: MethodBodyBlock.LocalVariablesInitialized
  fullName: MethodBodyBlock.LocalVariablesInitialized
  monikers:
  - netcore-1.0
  - netcore-1.1
  - netcore-2.0
  content_git_url: https://github.com/dotnet/docs/blob/master/xml/System.Reflection.Metadata/MethodBodyBlock.xml
- uid: System.Reflection.Metadata.MethodBodyBlock.MaxStack*
  parent: System.Reflection.Metadata.MethodBodyBlock
  isExternal: false
  name: MaxStack
  nameWithType: MethodBodyBlock.MaxStack
  fullName: MethodBodyBlock.MaxStack
  monikers:
  - netcore-1.0
  - netcore-1.1
  - netcore-2.0
  content_git_url: https://github.com/dotnet/docs/blob/master/xml/System.Reflection.Metadata/MethodBodyBlock.xml
- uid: System.Reflection.Metadata.MethodBodyBlock.Size*
  parent: System.Reflection.Metadata.MethodBodyBlock
  isExternal: false
  name: Size
  nameWithType: MethodBodyBlock.Size
  fullName: MethodBodyBlock.Size
  monikers:
  - netcore-1.0
  - netcore-1.1
  - netcore-2.0
  content_git_url: https://github.com/dotnet/docs/blob/master/xml/System.Reflection.Metadata/MethodBodyBlock.xml
- uid: System.Object.Equals(System.Object)
  parent: System.Object
  isExternal: false
  name: Equals(Object)
  nameWithType: Object.Equals(Object)
  fullName: Object.Equals(Object)
- uid: System.Object.Equals(System.Object,System.Object)
  parent: System.Object
  isExternal: false
  name: Equals(Object, Object)
  nameWithType: Object.Equals(Object, Object)
  fullName: Object.Equals(Object, Object)
- uid: System.Object.GetHashCode
  parent: System.Object
  isExternal: false
  name: GetHashCode()
  nameWithType: Object.GetHashCode()
  fullName: Object.GetHashCode()
- uid: System.Object.GetType
  parent: System.Object
  isExternal: false
  name: GetType()
  nameWithType: Object.GetType()
  fullName: Object.GetType()
- uid: System.Object.MemberwiseClone
  parent: System.Object
  isExternal: false
  name: MemberwiseClone()
  nameWithType: Object.MemberwiseClone()
  fullName: Object.MemberwiseClone()
- uid: System.Object.ReferenceEquals(System.Object,System.Object)
  parent: System.Object
  isExternal: false
  name: ReferenceEquals(Object, Object)
  nameWithType: Object.ReferenceEquals(Object, Object)
  fullName: Object.ReferenceEquals(Object, Object)
- uid: System.Object.ToString
  parent: System.Object
  isExternal: false
  name: ToString()
  nameWithType: Object.ToString()
  fullName: Object.ToString()
