### YamlMime:ManagedReference
items:
- uid: System.Windows.Media.MediaClock
  commentId: T:System.Windows.Media.MediaClock
  id: MediaClock
  children:
  - System.Windows.Media.MediaClock.#ctor(System.Windows.Media.MediaTimeline)
  - System.Windows.Media.MediaClock.DiscontinuousTimeMovement
  - System.Windows.Media.MediaClock.GetCanSlip
  - System.Windows.Media.MediaClock.GetCurrentTimeCore
  - System.Windows.Media.MediaClock.SpeedChanged
  - System.Windows.Media.MediaClock.Stopped
  - System.Windows.Media.MediaClock.Timeline
  langs:
  - csharp
  name: MediaClock
  nameWithType: MediaClock
  fullName: System.Windows.Media.MediaClock
  type: Class
  assemblies:
  - PresentationCore
  namespace: System.Windows.Media
  summary: Maintains the timing state for media through a <xref href="System.Windows.Media.MediaTimeline"></xref>.
  syntax:
    content: 'public class MediaClock : System.Windows.Media.Animation.Clock'
  inheritance:
  - System.Object
  - System.Windows.Threading.DispatcherObject
  - System.Windows.Media.Animation.Clock
  implements: []
  inheritedMembers:
  - System.Object.Equals(System.Object)
  - System.Object.Equals(System.Object,System.Object)
  - System.Object.GetHashCode
  - System.Object.GetType
  - System.Object.MemberwiseClone
  - System.Object.ReferenceEquals(System.Object,System.Object)
  - System.Object.ToString
  - System.Windows.Media.Animation.Clock.Completed
  - System.Windows.Media.Animation.Clock.Controller
  - System.Windows.Media.Animation.Clock.CurrentGlobalSpeed
  - System.Windows.Media.Animation.Clock.CurrentGlobalSpeedInvalidated
  - System.Windows.Media.Animation.Clock.CurrentGlobalTime
  - System.Windows.Media.Animation.Clock.CurrentIteration
  - System.Windows.Media.Animation.Clock.CurrentProgress
  - System.Windows.Media.Animation.Clock.CurrentState
  - System.Windows.Media.Animation.Clock.CurrentStateInvalidated
  - System.Windows.Media.Animation.Clock.CurrentTime
  - System.Windows.Media.Animation.Clock.CurrentTimeInvalidated
  - System.Windows.Media.Animation.Clock.HasControllableRoot
  - System.Windows.Media.Animation.Clock.IsPaused
  - System.Windows.Media.Animation.Clock.NaturalDuration
  - System.Windows.Media.Animation.Clock.Parent
  - System.Windows.Media.Animation.Clock.RemoveRequested
  - System.Windows.Threading.DispatcherObject.CheckAccess
  - System.Windows.Threading.DispatcherObject.Dispatcher
  - System.Windows.Threading.DispatcherObject.VerifyAccess
  version:
  - netframework-4.5.1
  - netframework-4.5.2
  - netframework-4.5
  - netframework-4.6.1
  - netframework-4.6.2
  - netframework-4.6
  - netframework-4.7
  monikers:
  - netframework-4.5.1
  - netframework-4.5.2
  - netframework-4.5
  - netframework-4.6.1
  - netframework-4.6.2
  - netframework-4.6
  - netframework-4.7
  content_git_url: https://github.com/dotnet/docs/blob/master/xml/System.Windows.Media/MediaClock.xml
  ms.technology:
  - dotnet-wpf
  author: stevehoag
  ms.author: shoag
  manager: wpickett
- uid: System.Windows.Media.MediaClock.#ctor(System.Windows.Media.MediaTimeline)
  commentId: M:System.Windows.Media.MediaClock.#ctor(System.Windows.Media.MediaTimeline)
  id: '#ctor(System.Windows.Media.MediaTimeline)'
  parent: System.Windows.Media.MediaClock
  langs:
  - csharp
  name: MediaClock(MediaTimeline)
  nameWithType: MediaClock.MediaClock(MediaTimeline)
  fullName: MediaClock.MediaClock(MediaTimeline)
  type: Constructor
  assemblies:
  - PresentationCore
  namespace: System.Windows.Media
  summary: Initializes a new instance of the <xref href="System.Windows.Media.MediaClock"></xref> class.
  syntax:
    content: protected MediaClock (System.Windows.Media.MediaTimeline media);
    parameters:
    - id: media
      type: System.Windows.Media.MediaTimeline
      description: The timeline to use as a template for the media clock.
  overload: System.Windows.Media.MediaClock.#ctor*
  exceptions: []
  version:
  - netframework-4.5.1
  - netframework-4.5.2
  - netframework-4.5
  - netframework-4.6.1
  - netframework-4.6.2
  - netframework-4.6
  - netframework-4.7
  monikers:
  - netframework-4.5.1
  - netframework-4.5.2
  - netframework-4.5
  - netframework-4.6.1
  - netframework-4.6.2
  - netframework-4.6
  - netframework-4.7
  content_git_url: https://github.com/dotnet/docs/blob/master/xml/System.Windows.Media/MediaClock.xml
  ms.technology:
  - dotnet-wpf
  author: stevehoag
  ms.author: shoag
  manager: wpickett
- uid: System.Windows.Media.MediaClock.DiscontinuousTimeMovement
  commentId: M:System.Windows.Media.MediaClock.DiscontinuousTimeMovement
  id: DiscontinuousTimeMovement
  parent: System.Windows.Media.MediaClock
  langs:
  - csharp
  name: DiscontinuousTimeMovement()
  nameWithType: MediaClock.DiscontinuousTimeMovement()
  fullName: MediaClock.DiscontinuousTimeMovement()
  type: Method
  assemblies:
  - PresentationCore
  namespace: System.Windows.Media
  summary: Invoked when movement is discontinues.
  syntax:
    content: protected override void DiscontinuousTimeMovement ();
    parameters: []
  overload: System.Windows.Media.MediaClock.DiscontinuousTimeMovement*
  exceptions: []
  version:
  - netframework-4.5.1
  - netframework-4.5.2
  - netframework-4.5
  - netframework-4.6.1
  - netframework-4.6.2
  - netframework-4.6
  - netframework-4.7
  monikers:
  - netframework-4.5.1
  - netframework-4.5.2
  - netframework-4.5
  - netframework-4.6.1
  - netframework-4.6.2
  - netframework-4.6
  - netframework-4.7
  content_git_url: https://github.com/dotnet/docs/blob/master/xml/System.Windows.Media/MediaClock.xml
  ms.technology:
  - dotnet-wpf
  ms.author: kempb
  manager: ghogen
- uid: System.Windows.Media.MediaClock.GetCanSlip
  commentId: M:System.Windows.Media.MediaClock.GetCanSlip
  id: GetCanSlip
  parent: System.Windows.Media.MediaClock
  langs:
  - csharp
  name: GetCanSlip()
  nameWithType: MediaClock.GetCanSlip()
  fullName: MediaClock.GetCanSlip()
  type: Method
  assemblies:
  - PresentationCore
  namespace: System.Windows.Media
  summary: Retrieves a value that indicates whether the media clock can slip.
  syntax:
    content: protected override bool GetCanSlip ();
    parameters: []
    return:
      type: System.Boolean
      description: '`true` if the media clock can slip; otherwise `false`.'
  overload: System.Windows.Media.MediaClock.GetCanSlip*
  exceptions: []
  version:
  - netframework-4.5.1
  - netframework-4.5.2
  - netframework-4.5
  - netframework-4.6.1
  - netframework-4.6.2
  - netframework-4.6
  - netframework-4.7
  monikers:
  - netframework-4.5.1
  - netframework-4.5.2
  - netframework-4.5
  - netframework-4.6.1
  - netframework-4.6.2
  - netframework-4.6
  - netframework-4.7
  content_git_url: https://github.com/dotnet/docs/blob/master/xml/System.Windows.Media/MediaClock.xml
  ms.technology:
  - dotnet-wpf
  author: stevehoag
  ms.author: shoag
  manager: wpickett
- uid: System.Windows.Media.MediaClock.GetCurrentTimeCore
  commentId: M:System.Windows.Media.MediaClock.GetCurrentTimeCore
  id: GetCurrentTimeCore
  parent: System.Windows.Media.MediaClock
  langs:
  - csharp
  name: GetCurrentTimeCore()
  nameWithType: MediaClock.GetCurrentTimeCore()
  fullName: MediaClock.GetCurrentTimeCore()
  type: Method
  assemblies:
  - PresentationCore
  namespace: System.Windows.Media
  summary: Retrieves a value that identifies the actual media time. This value can be used for slip synchronization.
  syntax:
    content: protected override TimeSpan GetCurrentTimeCore ();
    parameters: []
    return:
      type: System.TimeSpan
      description: The actual media time.
  overload: System.Windows.Media.MediaClock.GetCurrentTimeCore*
  exceptions: []
  version:
  - netframework-4.5.1
  - netframework-4.5.2
  - netframework-4.5
  - netframework-4.6.1
  - netframework-4.6.2
  - netframework-4.6
  - netframework-4.7
  monikers:
  - netframework-4.5.1
  - netframework-4.5.2
  - netframework-4.5
  - netframework-4.6.1
  - netframework-4.6.2
  - netframework-4.6
  - netframework-4.7
  content_git_url: https://github.com/dotnet/docs/blob/master/xml/System.Windows.Media/MediaClock.xml
  ms.technology:
  - dotnet-wpf
  author: stevehoag
  ms.author: shoag
  manager: wpickett
- uid: System.Windows.Media.MediaClock.SpeedChanged
  commentId: M:System.Windows.Media.MediaClock.SpeedChanged
  id: SpeedChanged
  parent: System.Windows.Media.MediaClock
  langs:
  - csharp
  name: SpeedChanged()
  nameWithType: MediaClock.SpeedChanged()
  fullName: MediaClock.SpeedChanged()
  type: Method
  assemblies:
  - PresentationCore
  namespace: System.Windows.Media
  summary: Invoked when the clock speed has changed.
  syntax:
    content: protected override void SpeedChanged ();
    parameters: []
  overload: System.Windows.Media.MediaClock.SpeedChanged*
  exceptions: []
  version:
  - netframework-4.5.1
  - netframework-4.5.2
  - netframework-4.5
  - netframework-4.6.1
  - netframework-4.6.2
  - netframework-4.6
  - netframework-4.7
  monikers:
  - netframework-4.5.1
  - netframework-4.5.2
  - netframework-4.5
  - netframework-4.6.1
  - netframework-4.6.2
  - netframework-4.6
  - netframework-4.7
  content_git_url: https://github.com/dotnet/docs/blob/master/xml/System.Windows.Media/MediaClock.xml
  ms.technology:
  - dotnet-wpf
  ms.author: kempb
  manager: ghogen
- uid: System.Windows.Media.MediaClock.Stopped
  commentId: M:System.Windows.Media.MediaClock.Stopped
  id: Stopped
  parent: System.Windows.Media.MediaClock
  langs:
  - csharp
  name: Stopped()
  nameWithType: MediaClock.Stopped()
  fullName: MediaClock.Stopped()
  type: Method
  assemblies:
  - PresentationCore
  namespace: System.Windows.Media
  summary: Invoked when the clock is stopped.
  syntax:
    content: protected override void Stopped ();
    parameters: []
  overload: System.Windows.Media.MediaClock.Stopped*
  exceptions: []
  version:
  - netframework-4.5.1
  - netframework-4.5.2
  - netframework-4.5
  - netframework-4.6.1
  - netframework-4.6.2
  - netframework-4.6
  - netframework-4.7
  monikers:
  - netframework-4.5.1
  - netframework-4.5.2
  - netframework-4.5
  - netframework-4.6.1
  - netframework-4.6.2
  - netframework-4.6
  - netframework-4.7
  content_git_url: https://github.com/dotnet/docs/blob/master/xml/System.Windows.Media/MediaClock.xml
  ms.technology:
  - dotnet-wpf
  author: stevehoag
  ms.author: shoag
  manager: wpickett
- uid: System.Windows.Media.MediaClock.Timeline
  commentId: P:System.Windows.Media.MediaClock.Timeline
  id: Timeline
  parent: System.Windows.Media.MediaClock
  langs:
  - csharp
  name: Timeline
  nameWithType: MediaClock.Timeline
  fullName: MediaClock.Timeline
  type: Property
  assemblies:
  - PresentationCore
  namespace: System.Windows.Media
  summary: Gets the <xref href="System.Windows.Media.MediaTimeline"></xref> that describes the controlling behavior of the clock.
  syntax:
    content: public System.Windows.Media.MediaTimeline Timeline { get; }
    return:
      type: System.Windows.Media.MediaTimeline
      description: The <xref href="System.Windows.Media.MediaTimeline"></xref> that describes the controlling behavior of the clock.
  overload: System.Windows.Media.MediaClock.Timeline*
  exceptions: []
  version:
  - netframework-4.5.1
  - netframework-4.5.2
  - netframework-4.5
  - netframework-4.6.1
  - netframework-4.6.2
  - netframework-4.6
  - netframework-4.7
  monikers:
  - netframework-4.5.1
  - netframework-4.5.2
  - netframework-4.5
  - netframework-4.6.1
  - netframework-4.6.2
  - netframework-4.6
  - netframework-4.7
  content_git_url: https://github.com/dotnet/docs/blob/master/xml/System.Windows.Media/MediaClock.xml
  ms.technology:
  - dotnet-wpf
  author: stevehoag
  ms.author: shoag
  manager: wpickett
references:
- uid: System.Windows.Media.Animation.Clock
  parent: System.Windows.Media.Animation
  isExternal: false
  name: Clock
  nameWithType: Clock
  fullName: System.Windows.Media.Animation.Clock
- uid: System.Windows.Media.MediaClock.#ctor(System.Windows.Media.MediaTimeline)
  parent: System.Windows.Media.MediaClock
  isExternal: false
  name: MediaClock(MediaTimeline)
  nameWithType: MediaClock.MediaClock(MediaTimeline)
  fullName: MediaClock.MediaClock(MediaTimeline)
- uid: System.Windows.Media.MediaTimeline
  parent: System.Windows.Media
  isExternal: false
  name: MediaTimeline
  nameWithType: MediaTimeline
  fullName: System.Windows.Media.MediaTimeline
- uid: System.Windows.Media.MediaClock.DiscontinuousTimeMovement
  parent: System.Windows.Media.MediaClock
  isExternal: false
  name: DiscontinuousTimeMovement()
  nameWithType: MediaClock.DiscontinuousTimeMovement()
  fullName: MediaClock.DiscontinuousTimeMovement()
- uid: System.Windows.Media.MediaClock.GetCanSlip
  parent: System.Windows.Media.MediaClock
  isExternal: false
  name: GetCanSlip()
  nameWithType: MediaClock.GetCanSlip()
  fullName: MediaClock.GetCanSlip()
- uid: System.Boolean
  parent: System
  isExternal: false
  name: Boolean
  nameWithType: Boolean
  fullName: System.Boolean
- uid: System.Windows.Media.MediaClock.GetCurrentTimeCore
  parent: System.Windows.Media.MediaClock
  isExternal: false
  name: GetCurrentTimeCore()
  nameWithType: MediaClock.GetCurrentTimeCore()
  fullName: MediaClock.GetCurrentTimeCore()
- uid: System.TimeSpan
  parent: System
  isExternal: false
  name: TimeSpan
  nameWithType: TimeSpan
  fullName: System.TimeSpan
- uid: System.Windows.Media.MediaClock.SpeedChanged
  parent: System.Windows.Media.MediaClock
  isExternal: false
  name: SpeedChanged()
  nameWithType: MediaClock.SpeedChanged()
  fullName: MediaClock.SpeedChanged()
- uid: System.Windows.Media.MediaClock.Stopped
  parent: System.Windows.Media.MediaClock
  isExternal: false
  name: Stopped()
  nameWithType: MediaClock.Stopped()
  fullName: MediaClock.Stopped()
- uid: System.Windows.Media.MediaClock.Timeline
  parent: System.Windows.Media.MediaClock
  isExternal: false
  name: Timeline
  nameWithType: MediaClock.Timeline
  fullName: MediaClock.Timeline
- uid: System.Windows.Media.MediaClock.#ctor*
  parent: System.Windows.Media.MediaClock
  isExternal: false
  name: MediaClock
  nameWithType: MediaClock.MediaClock
  fullName: MediaClock.MediaClock
  monikers:
  - netframework-4.5.1
  - netframework-4.5.2
  - netframework-4.5
  - netframework-4.6.1
  - netframework-4.6.2
  - netframework-4.6
  - netframework-4.7
  content_git_url: https://github.com/dotnet/docs/blob/master/xml/System.Windows.Media/MediaClock.xml
- uid: System.Windows.Media.MediaClock.DiscontinuousTimeMovement*
  parent: System.Windows.Media.MediaClock
  isExternal: false
  name: DiscontinuousTimeMovement
  nameWithType: MediaClock.DiscontinuousTimeMovement
  fullName: MediaClock.DiscontinuousTimeMovement
  monikers:
  - netframework-4.5.1
  - netframework-4.5.2
  - netframework-4.5
  - netframework-4.6.1
  - netframework-4.6.2
  - netframework-4.6
  - netframework-4.7
  content_git_url: https://github.com/dotnet/docs/blob/master/xml/System.Windows.Media/MediaClock.xml
- uid: System.Windows.Media.MediaClock.GetCanSlip*
  parent: System.Windows.Media.MediaClock
  isExternal: false
  name: GetCanSlip
  nameWithType: MediaClock.GetCanSlip
  fullName: MediaClock.GetCanSlip
  monikers:
  - netframework-4.5.1
  - netframework-4.5.2
  - netframework-4.5
  - netframework-4.6.1
  - netframework-4.6.2
  - netframework-4.6
  - netframework-4.7
  content_git_url: https://github.com/dotnet/docs/blob/master/xml/System.Windows.Media/MediaClock.xml
- uid: System.Windows.Media.MediaClock.GetCurrentTimeCore*
  parent: System.Windows.Media.MediaClock
  isExternal: false
  name: GetCurrentTimeCore
  nameWithType: MediaClock.GetCurrentTimeCore
  fullName: MediaClock.GetCurrentTimeCore
  monikers:
  - netframework-4.5.1
  - netframework-4.5.2
  - netframework-4.5
  - netframework-4.6.1
  - netframework-4.6.2
  - netframework-4.6
  - netframework-4.7
  content_git_url: https://github.com/dotnet/docs/blob/master/xml/System.Windows.Media/MediaClock.xml
- uid: System.Windows.Media.MediaClock.SpeedChanged*
  parent: System.Windows.Media.MediaClock
  isExternal: false
  name: SpeedChanged
  nameWithType: MediaClock.SpeedChanged
  fullName: MediaClock.SpeedChanged
  monikers:
  - netframework-4.5.1
  - netframework-4.5.2
  - netframework-4.5
  - netframework-4.6.1
  - netframework-4.6.2
  - netframework-4.6
  - netframework-4.7
  content_git_url: https://github.com/dotnet/docs/blob/master/xml/System.Windows.Media/MediaClock.xml
- uid: System.Windows.Media.MediaClock.Stopped*
  parent: System.Windows.Media.MediaClock
  isExternal: false
  name: Stopped
  nameWithType: MediaClock.Stopped
  fullName: MediaClock.Stopped
  monikers:
  - netframework-4.5.1
  - netframework-4.5.2
  - netframework-4.5
  - netframework-4.6.1
  - netframework-4.6.2
  - netframework-4.6
  - netframework-4.7
  content_git_url: https://github.com/dotnet/docs/blob/master/xml/System.Windows.Media/MediaClock.xml
- uid: System.Windows.Media.MediaClock.Timeline*
  parent: System.Windows.Media.MediaClock
  isExternal: false
  name: Timeline
  nameWithType: MediaClock.Timeline
  fullName: MediaClock.Timeline
  monikers:
  - netframework-4.5.1
  - netframework-4.5.2
  - netframework-4.5
  - netframework-4.6.1
  - netframework-4.6.2
  - netframework-4.6
  - netframework-4.7
  content_git_url: https://github.com/dotnet/docs/blob/master/xml/System.Windows.Media/MediaClock.xml
- uid: System.Object.Equals(System.Object)
  parent: System.Object
  isExternal: false
  name: Equals(Object)
  nameWithType: Object.Equals(Object)
  fullName: Object.Equals(Object)
- uid: System.Object.Equals(System.Object,System.Object)
  parent: System.Object
  isExternal: false
  name: Equals(Object, Object)
  nameWithType: Object.Equals(Object, Object)
  fullName: Object.Equals(Object, Object)
- uid: System.Object.GetHashCode
  parent: System.Object
  isExternal: false
  name: GetHashCode()
  nameWithType: Object.GetHashCode()
  fullName: Object.GetHashCode()
- uid: System.Object.GetType
  parent: System.Object
  isExternal: false
  name: GetType()
  nameWithType: Object.GetType()
  fullName: Object.GetType()
- uid: System.Object.MemberwiseClone
  parent: System.Object
  isExternal: false
  name: MemberwiseClone()
  nameWithType: Object.MemberwiseClone()
  fullName: Object.MemberwiseClone()
- uid: System.Object.ReferenceEquals(System.Object,System.Object)
  parent: System.Object
  isExternal: false
  name: ReferenceEquals(Object, Object)
  nameWithType: Object.ReferenceEquals(Object, Object)
  fullName: Object.ReferenceEquals(Object, Object)
- uid: System.Object.ToString
  parent: System.Object
  isExternal: false
  name: ToString()
  nameWithType: Object.ToString()
  fullName: Object.ToString()
- uid: System.Windows.Threading.DispatcherObject.CheckAccess
  parent: System.Windows.Threading.DispatcherObject
  isExternal: false
  name: CheckAccess()
  nameWithType: DispatcherObject.CheckAccess()
  fullName: DispatcherObject.CheckAccess()
- uid: System.Windows.Threading.DispatcherObject.Dispatcher
  parent: System.Windows.Threading.DispatcherObject
  isExternal: false
  name: Dispatcher
  nameWithType: DispatcherObject.Dispatcher
  fullName: DispatcherObject.Dispatcher
- uid: System.Windows.Threading.DispatcherObject.VerifyAccess
  parent: System.Windows.Threading.DispatcherObject
  isExternal: false
  name: VerifyAccess()
  nameWithType: DispatcherObject.VerifyAccess()
  fullName: DispatcherObject.VerifyAccess()
- uid: System.Windows.Media.Animation.Clock.Completed
  parent: System.Windows.Media.Animation.Clock
  isExternal: false
  name: Completed
  nameWithType: Clock.Completed
  fullName: Clock.Completed
- uid: System.Windows.Media.Animation.Clock.Controller
  parent: System.Windows.Media.Animation.Clock
  isExternal: false
  name: Controller
  nameWithType: Clock.Controller
  fullName: Clock.Controller
- uid: System.Windows.Media.Animation.Clock.CurrentGlobalSpeed
  parent: System.Windows.Media.Animation.Clock
  isExternal: false
  name: CurrentGlobalSpeed
  nameWithType: Clock.CurrentGlobalSpeed
  fullName: Clock.CurrentGlobalSpeed
- uid: System.Windows.Media.Animation.Clock.CurrentGlobalSpeedInvalidated
  parent: System.Windows.Media.Animation.Clock
  isExternal: false
  name: CurrentGlobalSpeedInvalidated
  nameWithType: Clock.CurrentGlobalSpeedInvalidated
  fullName: Clock.CurrentGlobalSpeedInvalidated
- uid: System.Windows.Media.Animation.Clock.CurrentGlobalTime
  parent: System.Windows.Media.Animation.Clock
  isExternal: false
  name: CurrentGlobalTime
  nameWithType: Clock.CurrentGlobalTime
  fullName: Clock.CurrentGlobalTime
- uid: System.Windows.Media.Animation.Clock.CurrentIteration
  parent: System.Windows.Media.Animation.Clock
  isExternal: false
  name: CurrentIteration
  nameWithType: Clock.CurrentIteration
  fullName: Clock.CurrentIteration
- uid: System.Windows.Media.Animation.Clock.CurrentProgress
  parent: System.Windows.Media.Animation.Clock
  isExternal: false
  name: CurrentProgress
  nameWithType: Clock.CurrentProgress
  fullName: Clock.CurrentProgress
- uid: System.Windows.Media.Animation.Clock.CurrentState
  parent: System.Windows.Media.Animation.Clock
  isExternal: false
  name: CurrentState
  nameWithType: Clock.CurrentState
  fullName: Clock.CurrentState
- uid: System.Windows.Media.Animation.Clock.CurrentStateInvalidated
  parent: System.Windows.Media.Animation.Clock
  isExternal: false
  name: CurrentStateInvalidated
  nameWithType: Clock.CurrentStateInvalidated
  fullName: Clock.CurrentStateInvalidated
- uid: System.Windows.Media.Animation.Clock.CurrentTime
  parent: System.Windows.Media.Animation.Clock
  isExternal: false
  name: CurrentTime
  nameWithType: Clock.CurrentTime
  fullName: Clock.CurrentTime
- uid: System.Windows.Media.Animation.Clock.CurrentTimeInvalidated
  parent: System.Windows.Media.Animation.Clock
  isExternal: false
  name: CurrentTimeInvalidated
  nameWithType: Clock.CurrentTimeInvalidated
  fullName: Clock.CurrentTimeInvalidated
- uid: System.Windows.Media.Animation.Clock.HasControllableRoot
  parent: System.Windows.Media.Animation.Clock
  isExternal: false
  name: HasControllableRoot
  nameWithType: Clock.HasControllableRoot
  fullName: Clock.HasControllableRoot
- uid: System.Windows.Media.Animation.Clock.IsPaused
  parent: System.Windows.Media.Animation.Clock
  isExternal: false
  name: IsPaused
  nameWithType: Clock.IsPaused
  fullName: Clock.IsPaused
- uid: System.Windows.Media.Animation.Clock.NaturalDuration
  parent: System.Windows.Media.Animation.Clock
  isExternal: false
  name: NaturalDuration
  nameWithType: Clock.NaturalDuration
  fullName: Clock.NaturalDuration
- uid: System.Windows.Media.Animation.Clock.Parent
  parent: System.Windows.Media.Animation.Clock
  isExternal: false
  name: Parent
  nameWithType: Clock.Parent
  fullName: Clock.Parent
- uid: System.Windows.Media.Animation.Clock.RemoveRequested
  parent: System.Windows.Media.Animation.Clock
  isExternal: false
  name: RemoveRequested
  nameWithType: Clock.RemoveRequested
  fullName: Clock.RemoveRequested
