### YamlMime:ManagedReference
items:
- uid: System.Windows.Media.Animation.AnimationClock
  commentId: T:System.Windows.Media.Animation.AnimationClock
  id: AnimationClock
  children:
  - System.Windows.Media.Animation.AnimationClock.#ctor(System.Windows.Media.Animation.AnimationTimeline)
  - System.Windows.Media.Animation.AnimationClock.GetCurrentValue(System.Object,System.Object)
  - System.Windows.Media.Animation.AnimationClock.Timeline
  langs:
  - csharp
  name: AnimationClock
  nameWithType: AnimationClock
  fullName: System.Windows.Media.Animation.AnimationClock
  type: Class
  assemblies:
  - PresentationCore
  namespace: System.Windows.Media.Animation
  summary: Maintains the run-time state of an <xref href="System.Windows.Media.Animation.AnimationTimeline"></xref> and processes its output values.
  remarks: <xref:System.Windows.Media.Animation.AnimationClock> objects are generated from <xref:System.Windows.Media.Animation.AnimationTimeline> objects. An <xref:System.Windows.Media.Animation.AnimationTimeline> describes an animation's output values, duration, begin time, end time, and other fundamental animation information. An <xref:System.Windows.Media.Animation.AnimationClock> processes the animation values described by an <xref:System.Windows.Media.Animation.AnimationTimeline> object.
  syntax:
    content: 'public class AnimationClock : System.Windows.Media.Animation.Clock'
  inheritance:
  - System.Object
  - System.Windows.Threading.DispatcherObject
  - System.Windows.Media.Animation.Clock
  implements: []
  inheritedMembers:
  - System.Object.Equals(System.Object)
  - System.Object.Equals(System.Object,System.Object)
  - System.Object.GetHashCode
  - System.Object.GetType
  - System.Object.MemberwiseClone
  - System.Object.ReferenceEquals(System.Object,System.Object)
  - System.Object.ToString
  - System.Windows.Media.Animation.Clock.Completed
  - System.Windows.Media.Animation.Clock.Controller
  - System.Windows.Media.Animation.Clock.CurrentGlobalSpeed
  - System.Windows.Media.Animation.Clock.CurrentGlobalSpeedInvalidated
  - System.Windows.Media.Animation.Clock.CurrentGlobalTime
  - System.Windows.Media.Animation.Clock.CurrentIteration
  - System.Windows.Media.Animation.Clock.CurrentProgress
  - System.Windows.Media.Animation.Clock.CurrentState
  - System.Windows.Media.Animation.Clock.CurrentStateInvalidated
  - System.Windows.Media.Animation.Clock.CurrentTime
  - System.Windows.Media.Animation.Clock.CurrentTimeInvalidated
  - System.Windows.Media.Animation.Clock.DiscontinuousTimeMovement
  - System.Windows.Media.Animation.Clock.GetCanSlip
  - System.Windows.Media.Animation.Clock.GetCurrentTimeCore
  - System.Windows.Media.Animation.Clock.HasControllableRoot
  - System.Windows.Media.Animation.Clock.IsPaused
  - System.Windows.Media.Animation.Clock.NaturalDuration
  - System.Windows.Media.Animation.Clock.Parent
  - System.Windows.Media.Animation.Clock.RemoveRequested
  - System.Windows.Media.Animation.Clock.SpeedChanged
  - System.Windows.Media.Animation.Clock.Stopped
  - System.Windows.Threading.DispatcherObject.CheckAccess
  - System.Windows.Threading.DispatcherObject.Dispatcher
  - System.Windows.Threading.DispatcherObject.VerifyAccess
  version:
  - netframework-4.5.1
  - netframework-4.5.2
  - netframework-4.5
  - netframework-4.6.1
  - netframework-4.6.2
  - netframework-4.6
  - netframework-4.7
  monikers:
  - netframework-4.5.1
  - netframework-4.5.2
  - netframework-4.5
  - netframework-4.6.1
  - netframework-4.6.2
  - netframework-4.6
  - netframework-4.7
  content_git_url: https://github.com/dotnet/docs/blob/master/xml/System.Windows.Media.Animation/AnimationClock.xml
  ms.technology:
  - dotnet-wpf
  author: stevehoag
  ms.author: shoag
  manager: wpickett
- uid: System.Windows.Media.Animation.AnimationClock.#ctor(System.Windows.Media.Animation.AnimationTimeline)
  commentId: M:System.Windows.Media.Animation.AnimationClock.#ctor(System.Windows.Media.Animation.AnimationTimeline)
  id: '#ctor(System.Windows.Media.Animation.AnimationTimeline)'
  parent: System.Windows.Media.Animation.AnimationClock
  langs:
  - csharp
  name: AnimationClock(AnimationTimeline)
  nameWithType: AnimationClock.AnimationClock(AnimationTimeline)
  fullName: AnimationClock.AnimationClock(AnimationTimeline)
  type: Constructor
  assemblies:
  - PresentationCore
  namespace: System.Windows.Media.Animation
  summary: Initializes a new instance of the <xref href="System.Windows.Media.Animation.AnimationClock"></xref> class.
  syntax:
    content: protected AnimationClock (System.Windows.Media.Animation.AnimationTimeline animation);
    parameters:
    - id: animation
      type: System.Windows.Media.Animation.AnimationTimeline
      description: The animation that describes this clock's output values and timing behaviors.
  overload: System.Windows.Media.Animation.AnimationClock.#ctor*
  exceptions: []
  version:
  - netframework-4.5.1
  - netframework-4.5.2
  - netframework-4.5
  - netframework-4.6.1
  - netframework-4.6.2
  - netframework-4.6
  - netframework-4.7
  monikers:
  - netframework-4.5.1
  - netframework-4.5.2
  - netframework-4.5
  - netframework-4.6.1
  - netframework-4.6.2
  - netframework-4.6
  - netframework-4.7
  content_git_url: https://github.com/dotnet/docs/blob/master/xml/System.Windows.Media.Animation/AnimationClock.xml
  ms.technology:
  - dotnet-wpf
  ms.author: kempb
  manager: ghogen
- uid: System.Windows.Media.Animation.AnimationClock.GetCurrentValue(System.Object,System.Object)
  commentId: M:System.Windows.Media.Animation.AnimationClock.GetCurrentValue(System.Object,System.Object)
  id: GetCurrentValue(System.Object,System.Object)
  parent: System.Windows.Media.Animation.AnimationClock
  langs:
  - csharp
  name: GetCurrentValue(Object, Object)
  nameWithType: AnimationClock.GetCurrentValue(Object, Object)
  fullName: AnimationClock.GetCurrentValue(Object, Object)
  type: Method
  assemblies:
  - PresentationCore
  namespace: System.Windows.Media.Animation
  summary: Gets the current output value of the <xref href="System.Windows.Media.Animation.AnimationClock"></xref>.
  syntax:
    content: public object GetCurrentValue (object defaultOriginValue, object defaultDestinationValue);
    parameters:
    - id: defaultOriginValue
      type: System.Object
      description: The origin value provided to the clock if its animation does not have its own start value. If this clock is the first in a composition chain it will be the base value of the property being animated; otherwise it will be the value returned by the previous clock in the chain
    - id: defaultDestinationValue
      type: System.Object
      description: The destination value provided to the clock if its animation does not have its own destination value. If this clock is the first in a composition chain it will be the base value of the property being animated; otherwise it will be the value returned by the previous clock in the chain
    return:
      type: System.Object
      description: The current value of this <xref href="System.Windows.Media.Animation.AnimationClock"></xref>.
  overload: System.Windows.Media.Animation.AnimationClock.GetCurrentValue*
  exceptions: []
  version:
  - netframework-4.5.1
  - netframework-4.5.2
  - netframework-4.5
  - netframework-4.6.1
  - netframework-4.6.2
  - netframework-4.6
  - netframework-4.7
  monikers:
  - netframework-4.5.1
  - netframework-4.5.2
  - netframework-4.5
  - netframework-4.6.1
  - netframework-4.6.2
  - netframework-4.6
  - netframework-4.7
  content_git_url: https://github.com/dotnet/docs/blob/master/xml/System.Windows.Media.Animation/AnimationClock.xml
  ms.technology:
  - dotnet-wpf
  author: stevehoag
  ms.author: shoag
  manager: wpickett
- uid: System.Windows.Media.Animation.AnimationClock.Timeline
  commentId: P:System.Windows.Media.Animation.AnimationClock.Timeline
  id: Timeline
  parent: System.Windows.Media.Animation.AnimationClock
  langs:
  - csharp
  name: Timeline
  nameWithType: AnimationClock.Timeline
  fullName: AnimationClock.Timeline
  type: Property
  assemblies:
  - PresentationCore
  namespace: System.Windows.Media.Animation
  summary: Gets the <xref href="System.Windows.Media.Animation.AnimationTimeline"></xref> that describes this clock's behavior.
  syntax:
    content: public System.Windows.Media.Animation.AnimationTimeline Timeline { get; }
    return:
      type: System.Windows.Media.Animation.AnimationTimeline
      description: The animation that describes this clock's behavior.
  overload: System.Windows.Media.Animation.AnimationClock.Timeline*
  exceptions: []
  version:
  - netframework-4.5.1
  - netframework-4.5.2
  - netframework-4.5
  - netframework-4.6.1
  - netframework-4.6.2
  - netframework-4.6
  - netframework-4.7
  monikers:
  - netframework-4.5.1
  - netframework-4.5.2
  - netframework-4.5
  - netframework-4.6.1
  - netframework-4.6.2
  - netframework-4.6
  - netframework-4.7
  content_git_url: https://github.com/dotnet/docs/blob/master/xml/System.Windows.Media.Animation/AnimationClock.xml
  ms.technology:
  - dotnet-wpf
  ms.author: kempb
  manager: ghogen
references:
- uid: System.Windows.Media.Animation.Clock
  parent: System.Windows.Media.Animation
  isExternal: false
  name: Clock
  nameWithType: Clock
  fullName: System.Windows.Media.Animation.Clock
- uid: System.Windows.Media.Animation.AnimationClock.#ctor(System.Windows.Media.Animation.AnimationTimeline)
  parent: System.Windows.Media.Animation.AnimationClock
  isExternal: false
  name: AnimationClock(AnimationTimeline)
  nameWithType: AnimationClock.AnimationClock(AnimationTimeline)
  fullName: AnimationClock.AnimationClock(AnimationTimeline)
- uid: System.Windows.Media.Animation.AnimationTimeline
  parent: System.Windows.Media.Animation
  isExternal: false
  name: AnimationTimeline
  nameWithType: AnimationTimeline
  fullName: System.Windows.Media.Animation.AnimationTimeline
- uid: System.Windows.Media.Animation.AnimationClock.GetCurrentValue(System.Object,System.Object)
  parent: System.Windows.Media.Animation.AnimationClock
  isExternal: false
  name: GetCurrentValue(Object, Object)
  nameWithType: AnimationClock.GetCurrentValue(Object, Object)
  fullName: AnimationClock.GetCurrentValue(Object, Object)
- uid: System.Object
  parent: System
  isExternal: false
  name: Object
  nameWithType: Object
  fullName: System.Object
- uid: System.Windows.Media.Animation.AnimationClock.Timeline
  parent: System.Windows.Media.Animation.AnimationClock
  isExternal: false
  name: Timeline
  nameWithType: AnimationClock.Timeline
  fullName: AnimationClock.Timeline
- uid: System.Windows.Media.Animation.AnimationClock.#ctor*
  parent: System.Windows.Media.Animation.AnimationClock
  isExternal: false
  name: AnimationClock
  nameWithType: AnimationClock.AnimationClock
  fullName: AnimationClock.AnimationClock
  monikers:
  - netframework-4.5.1
  - netframework-4.5.2
  - netframework-4.5
  - netframework-4.6.1
  - netframework-4.6.2
  - netframework-4.6
  - netframework-4.7
  content_git_url: https://github.com/dotnet/docs/blob/master/xml/System.Windows.Media.Animation/AnimationClock.xml
- uid: System.Windows.Media.Animation.AnimationClock.GetCurrentValue*
  parent: System.Windows.Media.Animation.AnimationClock
  isExternal: false
  name: GetCurrentValue
  nameWithType: AnimationClock.GetCurrentValue
  fullName: AnimationClock.GetCurrentValue
  monikers:
  - netframework-4.5.1
  - netframework-4.5.2
  - netframework-4.5
  - netframework-4.6.1
  - netframework-4.6.2
  - netframework-4.6
  - netframework-4.7
  content_git_url: https://github.com/dotnet/docs/blob/master/xml/System.Windows.Media.Animation/AnimationClock.xml
- uid: System.Windows.Media.Animation.AnimationClock.Timeline*
  parent: System.Windows.Media.Animation.AnimationClock
  isExternal: false
  name: Timeline
  nameWithType: AnimationClock.Timeline
  fullName: AnimationClock.Timeline
  monikers:
  - netframework-4.5.1
  - netframework-4.5.2
  - netframework-4.5
  - netframework-4.6.1
  - netframework-4.6.2
  - netframework-4.6
  - netframework-4.7
  content_git_url: https://github.com/dotnet/docs/blob/master/xml/System.Windows.Media.Animation/AnimationClock.xml
- uid: System.Object.Equals(System.Object)
  parent: System.Object
  isExternal: false
  name: Equals(Object)
  nameWithType: Object.Equals(Object)
  fullName: Object.Equals(Object)
- uid: System.Object.Equals(System.Object,System.Object)
  parent: System.Object
  isExternal: false
  name: Equals(Object, Object)
  nameWithType: Object.Equals(Object, Object)
  fullName: Object.Equals(Object, Object)
- uid: System.Object.GetHashCode
  parent: System.Object
  isExternal: false
  name: GetHashCode()
  nameWithType: Object.GetHashCode()
  fullName: Object.GetHashCode()
- uid: System.Object.GetType
  parent: System.Object
  isExternal: false
  name: GetType()
  nameWithType: Object.GetType()
  fullName: Object.GetType()
- uid: System.Object.MemberwiseClone
  parent: System.Object
  isExternal: false
  name: MemberwiseClone()
  nameWithType: Object.MemberwiseClone()
  fullName: Object.MemberwiseClone()
- uid: System.Object.ReferenceEquals(System.Object,System.Object)
  parent: System.Object
  isExternal: false
  name: ReferenceEquals(Object, Object)
  nameWithType: Object.ReferenceEquals(Object, Object)
  fullName: Object.ReferenceEquals(Object, Object)
- uid: System.Object.ToString
  parent: System.Object
  isExternal: false
  name: ToString()
  nameWithType: Object.ToString()
  fullName: Object.ToString()
- uid: System.Windows.Threading.DispatcherObject.CheckAccess
  parent: System.Windows.Threading.DispatcherObject
  isExternal: false
  name: CheckAccess()
  nameWithType: DispatcherObject.CheckAccess()
  fullName: DispatcherObject.CheckAccess()
- uid: System.Windows.Threading.DispatcherObject.Dispatcher
  parent: System.Windows.Threading.DispatcherObject
  isExternal: false
  name: Dispatcher
  nameWithType: DispatcherObject.Dispatcher
  fullName: DispatcherObject.Dispatcher
- uid: System.Windows.Threading.DispatcherObject.VerifyAccess
  parent: System.Windows.Threading.DispatcherObject
  isExternal: false
  name: VerifyAccess()
  nameWithType: DispatcherObject.VerifyAccess()
  fullName: DispatcherObject.VerifyAccess()
- uid: System.Windows.Media.Animation.Clock.Completed
  parent: System.Windows.Media.Animation.Clock
  isExternal: false
  name: Completed
  nameWithType: Clock.Completed
  fullName: Clock.Completed
- uid: System.Windows.Media.Animation.Clock.Controller
  parent: System.Windows.Media.Animation.Clock
  isExternal: false
  name: Controller
  nameWithType: Clock.Controller
  fullName: Clock.Controller
- uid: System.Windows.Media.Animation.Clock.CurrentGlobalSpeed
  parent: System.Windows.Media.Animation.Clock
  isExternal: false
  name: CurrentGlobalSpeed
  nameWithType: Clock.CurrentGlobalSpeed
  fullName: Clock.CurrentGlobalSpeed
- uid: System.Windows.Media.Animation.Clock.CurrentGlobalSpeedInvalidated
  parent: System.Windows.Media.Animation.Clock
  isExternal: false
  name: CurrentGlobalSpeedInvalidated
  nameWithType: Clock.CurrentGlobalSpeedInvalidated
  fullName: Clock.CurrentGlobalSpeedInvalidated
- uid: System.Windows.Media.Animation.Clock.CurrentGlobalTime
  parent: System.Windows.Media.Animation.Clock
  isExternal: false
  name: CurrentGlobalTime
  nameWithType: Clock.CurrentGlobalTime
  fullName: Clock.CurrentGlobalTime
- uid: System.Windows.Media.Animation.Clock.CurrentIteration
  parent: System.Windows.Media.Animation.Clock
  isExternal: false
  name: CurrentIteration
  nameWithType: Clock.CurrentIteration
  fullName: Clock.CurrentIteration
- uid: System.Windows.Media.Animation.Clock.CurrentProgress
  parent: System.Windows.Media.Animation.Clock
  isExternal: false
  name: CurrentProgress
  nameWithType: Clock.CurrentProgress
  fullName: Clock.CurrentProgress
- uid: System.Windows.Media.Animation.Clock.CurrentState
  parent: System.Windows.Media.Animation.Clock
  isExternal: false
  name: CurrentState
  nameWithType: Clock.CurrentState
  fullName: Clock.CurrentState
- uid: System.Windows.Media.Animation.Clock.CurrentStateInvalidated
  parent: System.Windows.Media.Animation.Clock
  isExternal: false
  name: CurrentStateInvalidated
  nameWithType: Clock.CurrentStateInvalidated
  fullName: Clock.CurrentStateInvalidated
- uid: System.Windows.Media.Animation.Clock.CurrentTime
  parent: System.Windows.Media.Animation.Clock
  isExternal: false
  name: CurrentTime
  nameWithType: Clock.CurrentTime
  fullName: Clock.CurrentTime
- uid: System.Windows.Media.Animation.Clock.CurrentTimeInvalidated
  parent: System.Windows.Media.Animation.Clock
  isExternal: false
  name: CurrentTimeInvalidated
  nameWithType: Clock.CurrentTimeInvalidated
  fullName: Clock.CurrentTimeInvalidated
- uid: System.Windows.Media.Animation.Clock.DiscontinuousTimeMovement
  parent: System.Windows.Media.Animation.Clock
  isExternal: false
  name: DiscontinuousTimeMovement()
  nameWithType: Clock.DiscontinuousTimeMovement()
  fullName: Clock.DiscontinuousTimeMovement()
- uid: System.Windows.Media.Animation.Clock.GetCanSlip
  parent: System.Windows.Media.Animation.Clock
  isExternal: false
  name: GetCanSlip()
  nameWithType: Clock.GetCanSlip()
  fullName: Clock.GetCanSlip()
- uid: System.Windows.Media.Animation.Clock.GetCurrentTimeCore
  parent: System.Windows.Media.Animation.Clock
  isExternal: false
  name: GetCurrentTimeCore()
  nameWithType: Clock.GetCurrentTimeCore()
  fullName: Clock.GetCurrentTimeCore()
- uid: System.Windows.Media.Animation.Clock.HasControllableRoot
  parent: System.Windows.Media.Animation.Clock
  isExternal: false
  name: HasControllableRoot
  nameWithType: Clock.HasControllableRoot
  fullName: Clock.HasControllableRoot
- uid: System.Windows.Media.Animation.Clock.IsPaused
  parent: System.Windows.Media.Animation.Clock
  isExternal: false
  name: IsPaused
  nameWithType: Clock.IsPaused
  fullName: Clock.IsPaused
- uid: System.Windows.Media.Animation.Clock.NaturalDuration
  parent: System.Windows.Media.Animation.Clock
  isExternal: false
  name: NaturalDuration
  nameWithType: Clock.NaturalDuration
  fullName: Clock.NaturalDuration
- uid: System.Windows.Media.Animation.Clock.Parent
  parent: System.Windows.Media.Animation.Clock
  isExternal: false
  name: Parent
  nameWithType: Clock.Parent
  fullName: Clock.Parent
- uid: System.Windows.Media.Animation.Clock.RemoveRequested
  parent: System.Windows.Media.Animation.Clock
  isExternal: false
  name: RemoveRequested
  nameWithType: Clock.RemoveRequested
  fullName: Clock.RemoveRequested
- uid: System.Windows.Media.Animation.Clock.SpeedChanged
  parent: System.Windows.Media.Animation.Clock
  isExternal: false
  name: SpeedChanged()
  nameWithType: Clock.SpeedChanged()
  fullName: Clock.SpeedChanged()
- uid: System.Windows.Media.Animation.Clock.Stopped
  parent: System.Windows.Media.Animation.Clock
  isExternal: false
  name: Stopped()
  nameWithType: Clock.Stopped()
  fullName: Clock.Stopped()
